
Microsoft Visual Studio Solution File, Format Version 12.00
# Visual Studio 15
VisualStudioVersion = 15.0.27004.2008
MinimumVisualStudioVersion = 10.0.40219.1
Project("{FAE04EC0-301F-11D3-BF4B-00C04F79EFBC}") = "Typography.MsdfGen", "Typography.MsdfGen\Typography.MsdfGen.csproj", "{8F69AB8D-174A-4912-9328-CAE8EDA5564B}"
EndProject
Project("{2150E333-8FDC-42A3-9474-1A3956D46DE8}") = "Demo", "Demo", "{EFD3FB30-FFF6-4717-9D2A-A909E6D01DEE}"
EndProject
Project("{2150E333-8FDC-42A3-9474-1A3956D46DE8}") = "Windows", "Windows", "{B3080145-1DA3-4FCA-A0E5-D99A46F6B243}"
EndProject
Project("{FAE04EC0-301F-11D3-BF4B-00C04F79EFBC}") = "FontAtlas", "FontAtlas\FontAtlas.csproj", "{64C28AAB-E2EF-45C1-A674-5660D462882F}"
EndProject
Project("{FAE04EC0-301F-11D3-BF4B-00C04F79EFBC}") = "PixelFarmSample.WinForms", "Demo\Windows\PixelFarmSample.WinForms\PixelFarmSample.WinForms.csproj", "{6627819C-F72B-4444-8461-14A57674FBD9}"
EndProject
Project("{FAE04EC0-301F-11D3-BF4B-00C04F79EFBC}") = "GdiPlusSample.WinForms", "Demo\Windows\GdiPlusSample.WinForms\GdiPlusSample.WinForms.csproj", "{0DABB64B-3D8C-4447-A129-619390ED0E87}"
EndProject
Project("{FAE04EC0-301F-11D3-BF4B-00C04F79EFBC}") = "PixelFarm.Triangulation", "PixelFarm\PixelFarm.Triangulation\PixelFarm.Triangulation.csproj", "{C5E5802D-6A45-4FE9-BAE7-5F0AE91D72C1}"
EndProject
Project("{2150E333-8FDC-42A3-9474-1A3956D46DE8}") = "PixelFarm", "PixelFarm", "{C4F7BE3A-77E3-4B10-A6AB-839CBCCF5163}"
EndProject
Project("{2150E333-8FDC-42A3-9474-1A3956D46DE8}") = "Android", "Android", "{2257F500-B273-4E78-851F-6188D639B6A6}"
EndProject
Project("{2150E333-8FDC-42A3-9474-1A3956D46DE8}") = "IOS", "IOS", "{923533FC-73FF-4E89-9F1F-ED26F12AFA33}"
EndProject
Project("{2150E333-8FDC-42A3-9474-1A3956D46DE8}") = "Typography", "Typography", "{EDF760BE-F3FA-4361-AFFA-5CB70A3E9E55}"
EndProject
Project("{D954291E-2A0B-460D-934E-DC6B0785DB48}") = "Typography.OpenFont", "Typography.OpenFont\Typography.OpenFont.shproj", "{235A071B-8D06-40AE-A5C5-B1CE59715EE9}"
EndProject
Project("{D954291E-2A0B-460D-934E-DC6B0785DB48}") = "Typography.GlyphLayout", "Typography.GlyphLayout\Typography.GlyphLayout.shproj", "{D8861CF8-C506-472B-8A57-632BD6CA6496}"
EndProject
Project("{2150E333-8FDC-42A3-9474-1A3956D46DE8}") = "Android", "Android", "{CD9CE8D3-BBD0-4367-A786-9AA36770D87A}"
EndProject
Project("{2150E333-8FDC-42A3-9474-1A3956D46DE8}") = "IOS", "IOS", "{FCEFFD04-6588-4588-949B-2360B7367219}"
EndProject
Project("{2150E333-8FDC-42A3-9474-1A3956D46DE8}") = "Typography_Build", "Typography_Build", "{CCC8D030-3F27-4560-B290-B95F4022DDB8}"
EndProject
Project("{2150E333-8FDC-42A3-9474-1A3956D46DE8}") = "NETCORE", "NETCORE", "{9669A1C2-9FDE-4455-BC0D-3244E75C6A0A}"
EndProject
Project("{2150E333-8FDC-42A3-9474-1A3956D46DE8}") = "NET20", "NET20", "{189B365C-127C-4377-88F3-C3D391B43993}"
EndProject
Project("{FAE04EC0-301F-11D3-BF4B-00C04F79EFBC}") = "Typography.OpenFont", "Build\Android\Typography.OpenFont\Typography.OpenFont\Typography.OpenFont.csproj", "{9E204A4B-F9B8-4F7F-A792-184260B3494D}"
EndProject
Project("{FAE04EC0-301F-11D3-BF4B-00C04F79EFBC}") = "Typography.GlyphLayout", "Build\Android\Typography.GlyphLayout\Typography.GlyphLayout.csproj", "{6ABD1C6E-866D-42A8-99D0-7780B4AD08D3}"
EndProject
Project("{FAE04EC0-301F-11D3-BF4B-00C04F79EFBC}") = "Typography.OpenFont", "Build\IOS\Typography.OpenFont\Typography.OpenFont.csproj", "{A96ADB72-B7FD-4F8F-ACF0-DF1274DDDA6B}"
EndProject
Project("{FAE04EC0-301F-11D3-BF4B-00C04F79EFBC}") = "Typography.GlyphLayout", "Build\IOS\Typography.GlyphLayout\Typography.GlyphLayout.csproj", "{7B742F80-62CE-401B-96C6-CFCC30002F19}"
EndProject
Project("{FAE04EC0-301F-11D3-BF4B-00C04F79EFBC}") = "Typography.OpenFont", "Build\N20\Typography.OpenFont\Typography.OpenFont.csproj", "{F7D71E61-9342-4DD7-9AFD-69045F2EC98B}"
EndProject
Project("{FAE04EC0-301F-11D3-BF4B-00C04F79EFBC}") = "Typography.GlyphLayout", "Build\N20\Typography.GlyphLayout\Typography.GlyphLayout.csproj", "{C6807D05-09BE-4313-9F8B-BD2D51C55819}"
EndProject
Project("{9A19103F-16F7-4668-BE54-9A1E7A4F7556}") = "Typography.OpenFont", "Build\NetCore\Typography.OpenFont\Typography.OpenFont\Typography.OpenFont.csproj", "{6364C83C-C6E3-4EA5-A4BD-4E7319D00C13}"
EndProject
Project("{9A19103F-16F7-4668-BE54-9A1E7A4F7556}") = "Typography.GlyphLayout", "Build\NetCore\Typography.GlyphLayout\Typography.GlyphLayout.csproj", "{F8E6D3CC-D09F-4616-BCB7-C0CC86B62B32}"
EndProject
Project("{FAE04EC0-301F-11D3-BF4B-00C04F79EFBC}") = "Xamarin.OpenGL", "Demo\Android\Xamarin.OpenGL\Xamarin.OpenGL.csproj", "{B824FFB2-D057-490A-8967-892C0E20C0B6}"
EndProject
Project("{FAE04EC0-301F-11D3-BF4B-00C04F79EFBC}") = "Xamarin.IOS.GLES2", "Demo\iOS\Xamarin.iOS.GLES2\Xamarin.IOS.GLES2.csproj", "{A09B4BF0-2C5E-42E9-B23C-AFD0B5A8697D}"
EndProject
Project("{FAE04EC0-301F-11D3-BF4B-00C04F79EFBC}") = "GlyphTess.WinForms", "Demo\Windows\GlyphTess.WinForms\GlyphTess.WinForms.csproj", "{56DCAE82-671D-409E-A3B3-BF4834756D3F}"
EndProject
Project("{FAE04EC0-301F-11D3-BF4B-00C04F79EFBC}") = "TextBoxSample.WinForms", "Demo\Windows\TextBoxSample.WinForms\TextBoxSample.WinForms.csproj", "{7E00196D-3E47-412A-8F1D-41DF082502F0}"
EndProject
Project("{D954291E-2A0B-460D-934E-DC6B0785DB48}") = "DrawingGL.Common", "Demo\Shared\DrawingGL.Common.shproj", "{2E1E828F-6D2C-4B0E-A2E2-DDF24798CACF}"
EndProject
Project("{FAE04EC0-301F-11D3-BF4B-00C04F79EFBC}") = "PixelFarm.MiniAgg.One", "x_autogen2\PixelFarm.MiniAgg.One\PixelFarm.MiniAgg.One.csproj", "{FB5F78F5-C921-405D-8F21-42F7C15C2AD9}"
EndProject
Project("{FAE04EC0-301F-11D3-BF4B-00C04F79EFBC}") = "Typography.Contours", "Typography.Contours\Typography.Contours.csproj", "{E4A1C3C3-1C1C-4E11-A2E6-A1FAFD6652C7}"
EndProject
Project("{FAE04EC0-301F-11D3-BF4B-00C04F79EFBC}") = "PixelFarm.Typography", "PixelFarm.Typography\PixelFarm.Typography.csproj", "{540A2EA6-DAE3-4625-8951-B2C3118603A4}"
EndProject
Global
	GlobalSection(SharedMSBuildProjectFiles) = preSolution
		Typography.OpenFont\Typography.OpenFont.projitems*{235a071b-8d06-40ae-a5c5-b1ce59715ee9}*SharedItemsImports = 13
		Demo\Shared\DrawingGL.Common.projitems*{2e1e828f-6d2c-4b0e-a2e2-ddf24798cacf}*SharedItemsImports = 13
		Typography.GlyphLayout\Typography.GlyphLayout.projitems*{6abd1c6e-866d-42a8-99d0-7780b4ad08d3}*SharedItemsImports = 4
		Typography.GlyphLayout\Typography.GlyphLayout.projitems*{7b742f80-62ce-401b-96c6-cfcc30002f19}*SharedItemsImports = 4
		Typography.OpenFont\Typography.OpenFont.projitems*{9e204a4b-f9b8-4f7f-a792-184260b3494d}*SharedItemsImports = 4
		Demo\Shared\DrawingGL.Common.projitems*{a09b4bf0-2c5e-42e9-b23c-afd0b5a8697d}*SharedItemsImports = 4
		Typography.OpenFont\Typography.OpenFont.projitems*{a96adb72-b7fd-4f8f-acf0-df1274ddda6b}*SharedItemsImports = 4
		Demo\Shared\DrawingGL.Common.projitems*{b824ffb2-d057-490a-8967-892c0e20c0b6}*SharedItemsImports = 4
		Typography.GlyphLayout\Typography.GlyphLayout.projitems*{d8861cf8-c506-472b-8a57-632bd6ca6496}*SharedItemsImports = 13
	EndGlobalSection
	GlobalSection(SolutionConfigurationPlatforms) = preSolution
		Ad-Hoc|Any CPU = Ad-Hoc|Any CPU
		Ad-Hoc|iPhone = Ad-Hoc|iPhone
		Ad-Hoc|iPhoneSimulator = Ad-Hoc|iPhoneSimulator
		Ad-Hoc|x86 = Ad-Hoc|x86
		AppStore|Any CPU = AppStore|Any CPU
		AppStore|iPhone = AppStore|iPhone
		AppStore|iPhoneSimulator = AppStore|iPhoneSimulator
		AppStore|x86 = AppStore|x86
		Debug|Any CPU = Debug|Any CPU
		Debug|iPhone = Debug|iPhone
		Debug|iPhoneSimulator = Debug|iPhoneSimulator
		Debug|x86 = Debug|x86
		Release|Any CPU = Release|Any CPU
		Release|iPhone = Release|iPhone
		Release|iPhoneSimulator = Release|iPhoneSimulator
		Release|x86 = Release|x86
		Release64|Any CPU = Release64|Any CPU
		Release64|iPhone = Release64|iPhone
		Release64|iPhoneSimulator = Release64|iPhoneSimulator
		Release64|x86 = Release64|x86
	EndGlobalSection
	GlobalSection(ProjectConfigurationPlatforms) = postSolution
		{8F69AB8D-174A-4912-9328-CAE8EDA5564B}.Ad-Hoc|Any CPU.ActiveCfg = Release|Any CPU
		{8F69AB8D-174A-4912-9328-CAE8EDA5564B}.Ad-Hoc|Any CPU.Build.0 = Release|Any CPU
		{8F69AB8D-174A-4912-9328-CAE8EDA5564B}.Ad-Hoc|iPhone.ActiveCfg = Release|Any CPU
		{8F69AB8D-174A-4912-9328-CAE8EDA5564B}.Ad-Hoc|iPhone.Build.0 = Release|Any CPU
		{8F69AB8D-174A-4912-9328-CAE8EDA5564B}.Ad-Hoc|iPhoneSimulator.ActiveCfg = Release|Any CPU
		{8F69AB8D-174A-4912-9328-CAE8EDA5564B}.Ad-Hoc|iPhoneSimulator.Build.0 = Release|Any CPU
		{8F69AB8D-174A-4912-9328-CAE8EDA5564B}.Ad-Hoc|x86.ActiveCfg = Release|Any CPU
		{8F69AB8D-174A-4912-9328-CAE8EDA5564B}.Ad-Hoc|x86.Build.0 = Release|Any CPU
		{8F69AB8D-174A-4912-9328-CAE8EDA5564B}.AppStore|Any CPU.ActiveCfg = Release|Any CPU
		{8F69AB8D-174A-4912-9328-CAE8EDA5564B}.AppStore|Any CPU.Build.0 = Release|Any CPU
		{8F69AB8D-174A-4912-9328-CAE8EDA5564B}.AppStore|iPhone.ActiveCfg = Release|Any CPU
		{8F69AB8D-174A-4912-9328-CAE8EDA5564B}.AppStore|iPhone.Build.0 = Release|Any CPU
		{8F69AB8D-174A-4912-9328-CAE8EDA5564B}.AppStore|iPhoneSimulator.ActiveCfg = Release|Any CPU
		{8F69AB8D-174A-4912-9328-CAE8EDA5564B}.AppStore|iPhoneSimulator.Build.0 = Release|Any CPU
		{8F69AB8D-174A-4912-9328-CAE8EDA5564B}.AppStore|x86.ActiveCfg = Release|Any CPU
		{8F69AB8D-174A-4912-9328-CAE8EDA5564B}.AppStore|x86.Build.0 = Release|Any CPU
		{8F69AB8D-174A-4912-9328-CAE8EDA5564B}.Debug|Any CPU.ActiveCfg = Debug|Any CPU
		{8F69AB8D-174A-4912-9328-CAE8EDA5564B}.Debug|Any CPU.Build.0 = Debug|Any CPU
		{8F69AB8D-174A-4912-9328-CAE8EDA5564B}.Debug|iPhone.ActiveCfg = Debug|Any CPU
		{8F69AB8D-174A-4912-9328-CAE8EDA5564B}.Debug|iPhone.Build.0 = Debug|Any CPU
		{8F69AB8D-174A-4912-9328-CAE8EDA5564B}.Debug|iPhoneSimulator.ActiveCfg = Debug|Any CPU
		{8F69AB8D-174A-4912-9328-CAE8EDA5564B}.Debug|iPhoneSimulator.Build.0 = Debug|Any CPU
		{8F69AB8D-174A-4912-9328-CAE8EDA5564B}.Debug|x86.ActiveCfg = Debug|Any CPU
		{8F69AB8D-174A-4912-9328-CAE8EDA5564B}.Debug|x86.Build.0 = Debug|Any CPU
		{8F69AB8D-174A-4912-9328-CAE8EDA5564B}.Release|Any CPU.ActiveCfg = Release|Any CPU
		{8F69AB8D-174A-4912-9328-CAE8EDA5564B}.Release|Any CPU.Build.0 = Release|Any CPU
		{8F69AB8D-174A-4912-9328-CAE8EDA5564B}.Release|iPhone.ActiveCfg = Release|Any CPU
		{8F69AB8D-174A-4912-9328-CAE8EDA5564B}.Release|iPhone.Build.0 = Release|Any CPU
		{8F69AB8D-174A-4912-9328-CAE8EDA5564B}.Release|iPhoneSimulator.ActiveCfg = Release|Any CPU
		{8F69AB8D-174A-4912-9328-CAE8EDA5564B}.Release|iPhoneSimulator.Build.0 = Release|Any CPU
		{8F69AB8D-174A-4912-9328-CAE8EDA5564B}.Release|x86.ActiveCfg = Release|Any CPU
		{8F69AB8D-174A-4912-9328-CAE8EDA5564B}.Release|x86.Build.0 = Release|Any CPU
		{8F69AB8D-174A-4912-9328-CAE8EDA5564B}.Release64|Any CPU.ActiveCfg = Release|Any CPU
		{8F69AB8D-174A-4912-9328-CAE8EDA5564B}.Release64|Any CPU.Build.0 = Release|Any CPU
		{8F69AB8D-174A-4912-9328-CAE8EDA5564B}.Release64|iPhone.ActiveCfg = Release|Any CPU
		{8F69AB8D-174A-4912-9328-CAE8EDA5564B}.Release64|iPhone.Build.0 = Release|Any CPU
		{8F69AB8D-174A-4912-9328-CAE8EDA5564B}.Release64|iPhoneSimulator.ActiveCfg = Release|Any CPU
		{8F69AB8D-174A-4912-9328-CAE8EDA5564B}.Release64|iPhoneSimulator.Build.0 = Release|Any CPU
		{8F69AB8D-174A-4912-9328-CAE8EDA5564B}.Release64|x86.ActiveCfg = Release|Any CPU
		{8F69AB8D-174A-4912-9328-CAE8EDA5564B}.Release64|x86.Build.0 = Release|Any CPU
		{64C28AAB-E2EF-45C1-A674-5660D462882F}.Ad-Hoc|Any CPU.ActiveCfg = Release|Any CPU
		{64C28AAB-E2EF-45C1-A674-5660D462882F}.Ad-Hoc|Any CPU.Build.0 = Release|Any CPU
		{64C28AAB-E2EF-45C1-A674-5660D462882F}.Ad-Hoc|iPhone.ActiveCfg = Release|Any CPU
		{64C28AAB-E2EF-45C1-A674-5660D462882F}.Ad-Hoc|iPhone.Build.0 = Release|Any CPU
		{64C28AAB-E2EF-45C1-A674-5660D462882F}.Ad-Hoc|iPhoneSimulator.ActiveCfg = Release|Any CPU
		{64C28AAB-E2EF-45C1-A674-5660D462882F}.Ad-Hoc|iPhoneSimulator.Build.0 = Release|Any CPU
		{64C28AAB-E2EF-45C1-A674-5660D462882F}.Ad-Hoc|x86.ActiveCfg = Release|Any CPU
		{64C28AAB-E2EF-45C1-A674-5660D462882F}.Ad-Hoc|x86.Build.0 = Release|Any CPU
		{64C28AAB-E2EF-45C1-A674-5660D462882F}.AppStore|Any CPU.ActiveCfg = Release|Any CPU
		{64C28AAB-E2EF-45C1-A674-5660D462882F}.AppStore|Any CPU.Build.0 = Release|Any CPU
		{64C28AAB-E2EF-45C1-A674-5660D462882F}.AppStore|iPhone.ActiveCfg = Release|Any CPU
		{64C28AAB-E2EF-45C1-A674-5660D462882F}.AppStore|iPhone.Build.0 = Release|Any CPU
		{64C28AAB-E2EF-45C1-A674-5660D462882F}.AppStore|iPhoneSimulator.ActiveCfg = Release|Any CPU
		{64C28AAB-E2EF-45C1-A674-5660D462882F}.AppStore|iPhoneSimulator.Build.0 = Release|Any CPU
		{64C28AAB-E2EF-45C1-A674-5660D462882F}.AppStore|x86.ActiveCfg = Release|Any CPU
		{64C28AAB-E2EF-45C1-A674-5660D462882F}.AppStore|x86.Build.0 = Release|Any CPU
		{64C28AAB-E2EF-45C1-A674-5660D462882F}.Debug|Any CPU.ActiveCfg = Debug|Any CPU
		{64C28AAB-E2EF-45C1-A674-5660D462882F}.Debug|Any CPU.Build.0 = Debug|Any CPU
		{64C28AAB-E2EF-45C1-A674-5660D462882F}.Debug|iPhone.ActiveCfg = Debug|Any CPU
		{64C28AAB-E2EF-45C1-A674-5660D462882F}.Debug|iPhone.Build.0 = Debug|Any CPU
		{64C28AAB-E2EF-45C1-A674-5660D462882F}.Debug|iPhoneSimulator.ActiveCfg = Debug|Any CPU
		{64C28AAB-E2EF-45C1-A674-5660D462882F}.Debug|iPhoneSimulator.Build.0 = Debug|Any CPU
		{64C28AAB-E2EF-45C1-A674-5660D462882F}.Debug|x86.ActiveCfg = Debug|Any CPU
		{64C28AAB-E2EF-45C1-A674-5660D462882F}.Debug|x86.Build.0 = Debug|Any CPU
		{64C28AAB-E2EF-45C1-A674-5660D462882F}.Release|Any CPU.ActiveCfg = Release|Any CPU
		{64C28AAB-E2EF-45C1-A674-5660D462882F}.Release|Any CPU.Build.0 = Release|Any CPU
		{64C28AAB-E2EF-45C1-A674-5660D462882F}.Release|iPhone.ActiveCfg = Release|Any CPU
		{64C28AAB-E2EF-45C1-A674-5660D462882F}.Release|iPhone.Build.0 = Release|Any CPU
		{64C28AAB-E2EF-45C1-A674-5660D462882F}.Release|iPhoneSimulator.ActiveCfg = Release|Any CPU
		{64C28AAB-E2EF-45C1-A674-5660D462882F}.Release|iPhoneSimulator.Build.0 = Release|Any CPU
		{64C28AAB-E2EF-45C1-A674-5660D462882F}.Release|x86.ActiveCfg = Release|Any CPU
		{64C28AAB-E2EF-45C1-A674-5660D462882F}.Release|x86.Build.0 = Release|Any CPU
		{64C28AAB-E2EF-45C1-A674-5660D462882F}.Release64|Any CPU.ActiveCfg = Release|Any CPU
		{64C28AAB-E2EF-45C1-A674-5660D462882F}.Release64|Any CPU.Build.0 = Release|Any CPU
		{64C28AAB-E2EF-45C1-A674-5660D462882F}.Release64|iPhone.ActiveCfg = Release|Any CPU
		{64C28AAB-E2EF-45C1-A674-5660D462882F}.Release64|iPhone.Build.0 = Release|Any CPU
		{64C28AAB-E2EF-45C1-A674-5660D462882F}.Release64|iPhoneSimulator.ActiveCfg = Release|Any CPU
		{64C28AAB-E2EF-45C1-A674-5660D462882F}.Release64|iPhoneSimulator.Build.0 = Release|Any CPU
		{64C28AAB-E2EF-45C1-A674-5660D462882F}.Release64|x86.ActiveCfg = Release|Any CPU
		{64C28AAB-E2EF-45C1-A674-5660D462882F}.Release64|x86.Build.0 = Release|Any CPU
		{6627819C-F72B-4444-8461-14A57674FBD9}.Ad-Hoc|Any CPU.ActiveCfg = Release|Any CPU
		{6627819C-F72B-4444-8461-14A57674FBD9}.Ad-Hoc|Any CPU.Build.0 = Release|Any CPU
		{6627819C-F72B-4444-8461-14A57674FBD9}.Ad-Hoc|iPhone.ActiveCfg = Release|Any CPU
		{6627819C-F72B-4444-8461-14A57674FBD9}.Ad-Hoc|iPhone.Build.0 = Release|Any CPU
		{6627819C-F72B-4444-8461-14A57674FBD9}.Ad-Hoc|iPhoneSimulator.ActiveCfg = Release|Any CPU
		{6627819C-F72B-4444-8461-14A57674FBD9}.Ad-Hoc|iPhoneSimulator.Build.0 = Release|Any CPU
		{6627819C-F72B-4444-8461-14A57674FBD9}.Ad-Hoc|x86.ActiveCfg = Release|Any CPU
		{6627819C-F72B-4444-8461-14A57674FBD9}.Ad-Hoc|x86.Build.0 = Release|Any CPU
		{6627819C-F72B-4444-8461-14A57674FBD9}.AppStore|Any CPU.ActiveCfg = Release|Any CPU
		{6627819C-F72B-4444-8461-14A57674FBD9}.AppStore|Any CPU.Build.0 = Release|Any CPU
		{6627819C-F72B-4444-8461-14A57674FBD9}.AppStore|iPhone.ActiveCfg = Release|Any CPU
		{6627819C-F72B-4444-8461-14A57674FBD9}.AppStore|iPhone.Build.0 = Release|Any CPU
		{6627819C-F72B-4444-8461-14A57674FBD9}.AppStore|iPhoneSimulator.ActiveCfg = Release|Any CPU
		{6627819C-F72B-4444-8461-14A57674FBD9}.AppStore|iPhoneSimulator.Build.0 = Release|Any CPU
		{6627819C-F72B-4444-8461-14A57674FBD9}.AppStore|x86.ActiveCfg = Release|Any CPU
		{6627819C-F72B-4444-8461-14A57674FBD9}.AppStore|x86.Build.0 = Release|Any CPU
		{6627819C-F72B-4444-8461-14A57674FBD9}.Debug|Any CPU.ActiveCfg = Debug|Any CPU
		{6627819C-F72B-4444-8461-14A57674FBD9}.Debug|Any CPU.Build.0 = Debug|Any CPU
		{6627819C-F72B-4444-8461-14A57674FBD9}.Debug|iPhone.ActiveCfg = Debug|Any CPU
		{6627819C-F72B-4444-8461-14A57674FBD9}.Debug|iPhone.Build.0 = Debug|Any CPU
		{6627819C-F72B-4444-8461-14A57674FBD9}.Debug|iPhoneSimulator.ActiveCfg = Debug|Any CPU
		{6627819C-F72B-4444-8461-14A57674FBD9}.Debug|iPhoneSimulator.Build.0 = Debug|Any CPU
		{6627819C-F72B-4444-8461-14A57674FBD9}.Debug|x86.ActiveCfg = Debug|Any CPU
		{6627819C-F72B-4444-8461-14A57674FBD9}.Debug|x86.Build.0 = Debug|Any CPU
		{6627819C-F72B-4444-8461-14A57674FBD9}.Release|Any CPU.ActiveCfg = Release|Any CPU
		{6627819C-F72B-4444-8461-14A57674FBD9}.Release|Any CPU.Build.0 = Release|Any CPU
		{6627819C-F72B-4444-8461-14A57674FBD9}.Release|iPhone.ActiveCfg = Release|Any CPU
		{6627819C-F72B-4444-8461-14A57674FBD9}.Release|iPhone.Build.0 = Release|Any CPU
		{6627819C-F72B-4444-8461-14A57674FBD9}.Release|iPhoneSimulator.ActiveCfg = Release|Any CPU
		{6627819C-F72B-4444-8461-14A57674FBD9}.Release|iPhoneSimulator.Build.0 = Release|Any CPU
		{6627819C-F72B-4444-8461-14A57674FBD9}.Release|x86.ActiveCfg = Release|Any CPU
		{6627819C-F72B-4444-8461-14A57674FBD9}.Release|x86.Build.0 = Release|Any CPU
		{6627819C-F72B-4444-8461-14A57674FBD9}.Release64|Any CPU.ActiveCfg = Release|Any CPU
		{6627819C-F72B-4444-8461-14A57674FBD9}.Release64|Any CPU.Build.0 = Release|Any CPU
		{6627819C-F72B-4444-8461-14A57674FBD9}.Release64|iPhone.ActiveCfg = Release|Any CPU
		{6627819C-F72B-4444-8461-14A57674FBD9}.Release64|iPhone.Build.0 = Release|Any CPU
		{6627819C-F72B-4444-8461-14A57674FBD9}.Release64|iPhoneSimulator.ActiveCfg = Release|Any CPU
		{6627819C-F72B-4444-8461-14A57674FBD9}.Release64|iPhoneSimulator.Build.0 = Release|Any CPU
		{6627819C-F72B-4444-8461-14A57674FBD9}.Release64|x86.ActiveCfg = Release|Any CPU
		{6627819C-F72B-4444-8461-14A57674FBD9}.Release64|x86.Build.0 = Release|Any CPU
		{0DABB64B-3D8C-4447-A129-619390ED0E87}.Ad-Hoc|Any CPU.ActiveCfg = Release|Any CPU
		{0DABB64B-3D8C-4447-A129-619390ED0E87}.Ad-Hoc|Any CPU.Build.0 = Release|Any CPU
		{0DABB64B-3D8C-4447-A129-619390ED0E87}.Ad-Hoc|iPhone.ActiveCfg = Release|Any CPU
		{0DABB64B-3D8C-4447-A129-619390ED0E87}.Ad-Hoc|iPhone.Build.0 = Release|Any CPU
		{0DABB64B-3D8C-4447-A129-619390ED0E87}.Ad-Hoc|iPhoneSimulator.ActiveCfg = Release|Any CPU
		{0DABB64B-3D8C-4447-A129-619390ED0E87}.Ad-Hoc|iPhoneSimulator.Build.0 = Release|Any CPU
		{0DABB64B-3D8C-4447-A129-619390ED0E87}.Ad-Hoc|x86.ActiveCfg = Release|Any CPU
		{0DABB64B-3D8C-4447-A129-619390ED0E87}.Ad-Hoc|x86.Build.0 = Release|Any CPU
		{0DABB64B-3D8C-4447-A129-619390ED0E87}.AppStore|Any CPU.ActiveCfg = Release|Any CPU
		{0DABB64B-3D8C-4447-A129-619390ED0E87}.AppStore|Any CPU.Build.0 = Release|Any CPU
		{0DABB64B-3D8C-4447-A129-619390ED0E87}.AppStore|iPhone.ActiveCfg = Release|Any CPU
		{0DABB64B-3D8C-4447-A129-619390ED0E87}.AppStore|iPhone.Build.0 = Release|Any CPU
		{0DABB64B-3D8C-4447-A129-619390ED0E87}.AppStore|iPhoneSimulator.ActiveCfg = Release|Any CPU
		{0DABB64B-3D8C-4447-A129-619390ED0E87}.AppStore|iPhoneSimulator.Build.0 = Release|Any CPU
		{0DABB64B-3D8C-4447-A129-619390ED0E87}.AppStore|x86.ActiveCfg = Release|Any CPU
		{0DABB64B-3D8C-4447-A129-619390ED0E87}.AppStore|x86.Build.0 = Release|Any CPU
		{0DABB64B-3D8C-4447-A129-619390ED0E87}.Debug|Any CPU.ActiveCfg = Debug|Any CPU
		{0DABB64B-3D8C-4447-A129-619390ED0E87}.Debug|Any CPU.Build.0 = Debug|Any CPU
		{0DABB64B-3D8C-4447-A129-619390ED0E87}.Debug|iPhone.ActiveCfg = Debug|Any CPU
		{0DABB64B-3D8C-4447-A129-619390ED0E87}.Debug|iPhone.Build.0 = Debug|Any CPU
		{0DABB64B-3D8C-4447-A129-619390ED0E87}.Debug|iPhoneSimulator.ActiveCfg = Debug|Any CPU
		{0DABB64B-3D8C-4447-A129-619390ED0E87}.Debug|iPhoneSimulator.Build.0 = Debug|Any CPU
		{0DABB64B-3D8C-4447-A129-619390ED0E87}.Debug|x86.ActiveCfg = Debug|Any CPU
		{0DABB64B-3D8C-4447-A129-619390ED0E87}.Debug|x86.Build.0 = Debug|Any CPU
		{0DABB64B-3D8C-4447-A129-619390ED0E87}.Release|Any CPU.ActiveCfg = Release|Any CPU
		{0DABB64B-3D8C-4447-A129-619390ED0E87}.Release|Any CPU.Build.0 = Release|Any CPU
		{0DABB64B-3D8C-4447-A129-619390ED0E87}.Release|iPhone.ActiveCfg = Release|Any CPU
		{0DABB64B-3D8C-4447-A129-619390ED0E87}.Release|iPhone.Build.0 = Release|Any CPU
		{0DABB64B-3D8C-4447-A129-619390ED0E87}.Release|iPhoneSimulator.ActiveCfg = Release|Any CPU
		{0DABB64B-3D8C-4447-A129-619390ED0E87}.Release|iPhoneSimulator.Build.0 = Release|Any CPU
		{0DABB64B-3D8C-4447-A129-619390ED0E87}.Release|x86.ActiveCfg = Release|Any CPU
		{0DABB64B-3D8C-4447-A129-619390ED0E87}.Release|x86.Build.0 = Release|Any CPU
		{0DABB64B-3D8C-4447-A129-619390ED0E87}.Release64|Any CPU.ActiveCfg = Release|Any CPU
		{0DABB64B-3D8C-4447-A129-619390ED0E87}.Release64|Any CPU.Build.0 = Release|Any CPU
		{0DABB64B-3D8C-4447-A129-619390ED0E87}.Release64|iPhone.ActiveCfg = Release|Any CPU
		{0DABB64B-3D8C-4447-A129-619390ED0E87}.Release64|iPhone.Build.0 = Release|Any CPU
		{0DABB64B-3D8C-4447-A129-619390ED0E87}.Release64|iPhoneSimulator.ActiveCfg = Release|Any CPU
		{0DABB64B-3D8C-4447-A129-619390ED0E87}.Release64|iPhoneSimulator.Build.0 = Release|Any CPU
		{0DABB64B-3D8C-4447-A129-619390ED0E87}.Release64|x86.ActiveCfg = Release|Any CPU
		{0DABB64B-3D8C-4447-A129-619390ED0E87}.Release64|x86.Build.0 = Release|Any CPU
		{C5E5802D-6A45-4FE9-BAE7-5F0AE91D72C1}.Ad-Hoc|Any CPU.ActiveCfg = Release|Any CPU
		{C5E5802D-6A45-4FE9-BAE7-5F0AE91D72C1}.Ad-Hoc|Any CPU.Build.0 = Release|Any CPU
		{C5E5802D-6A45-4FE9-BAE7-5F0AE91D72C1}.Ad-Hoc|iPhone.ActiveCfg = Release|Any CPU
		{C5E5802D-6A45-4FE9-BAE7-5F0AE91D72C1}.Ad-Hoc|iPhone.Build.0 = Release|Any CPU
		{C5E5802D-6A45-4FE9-BAE7-5F0AE91D72C1}.Ad-Hoc|iPhoneSimulator.ActiveCfg = Release|Any CPU
		{C5E5802D-6A45-4FE9-BAE7-5F0AE91D72C1}.Ad-Hoc|iPhoneSimulator.Build.0 = Release|Any CPU
		{C5E5802D-6A45-4FE9-BAE7-5F0AE91D72C1}.Ad-Hoc|x86.ActiveCfg = Release|x86
		{C5E5802D-6A45-4FE9-BAE7-5F0AE91D72C1}.Ad-Hoc|x86.Build.0 = Release|x86
		{C5E5802D-6A45-4FE9-BAE7-5F0AE91D72C1}.AppStore|Any CPU.ActiveCfg = Release|Any CPU
		{C5E5802D-6A45-4FE9-BAE7-5F0AE91D72C1}.AppStore|Any CPU.Build.0 = Release|Any CPU
		{C5E5802D-6A45-4FE9-BAE7-5F0AE91D72C1}.AppStore|iPhone.ActiveCfg = Release|Any CPU
		{C5E5802D-6A45-4FE9-BAE7-5F0AE91D72C1}.AppStore|iPhone.Build.0 = Release|Any CPU
		{C5E5802D-6A45-4FE9-BAE7-5F0AE91D72C1}.AppStore|iPhoneSimulator.ActiveCfg = Release|Any CPU
		{C5E5802D-6A45-4FE9-BAE7-5F0AE91D72C1}.AppStore|iPhoneSimulator.Build.0 = Release|Any CPU
		{C5E5802D-6A45-4FE9-BAE7-5F0AE91D72C1}.AppStore|x86.ActiveCfg = Release|x86
		{C5E5802D-6A45-4FE9-BAE7-5F0AE91D72C1}.AppStore|x86.Build.0 = Release|x86
		{C5E5802D-6A45-4FE9-BAE7-5F0AE91D72C1}.Debug|Any CPU.ActiveCfg = Debug|Any CPU
		{C5E5802D-6A45-4FE9-BAE7-5F0AE91D72C1}.Debug|Any CPU.Build.0 = Debug|Any CPU
		{C5E5802D-6A45-4FE9-BAE7-5F0AE91D72C1}.Debug|iPhone.ActiveCfg = Debug|Any CPU
		{C5E5802D-6A45-4FE9-BAE7-5F0AE91D72C1}.Debug|iPhone.Build.0 = Debug|Any CPU
		{C5E5802D-6A45-4FE9-BAE7-5F0AE91D72C1}.Debug|iPhoneSimulator.ActiveCfg = Debug|Any CPU
		{C5E5802D-6A45-4FE9-BAE7-5F0AE91D72C1}.Debug|iPhoneSimulator.Build.0 = Debug|Any CPU
		{C5E5802D-6A45-4FE9-BAE7-5F0AE91D72C1}.Debug|x86.ActiveCfg = Debug|x86
		{C5E5802D-6A45-4FE9-BAE7-5F0AE91D72C1}.Debug|x86.Build.0 = Debug|x86
		{C5E5802D-6A45-4FE9-BAE7-5F0AE91D72C1}.Release|Any CPU.ActiveCfg = Release|Any CPU
		{C5E5802D-6A45-4FE9-BAE7-5F0AE91D72C1}.Release|Any CPU.Build.0 = Release|Any CPU
		{C5E5802D-6A45-4FE9-BAE7-5F0AE91D72C1}.Release|iPhone.ActiveCfg = Release|Any CPU
		{C5E5802D-6A45-4FE9-BAE7-5F0AE91D72C1}.Release|iPhone.Build.0 = Release|Any CPU
		{C5E5802D-6A45-4FE9-BAE7-5F0AE91D72C1}.Release|iPhoneSimulator.ActiveCfg = Release|Any CPU
		{C5E5802D-6A45-4FE9-BAE7-5F0AE91D72C1}.Release|iPhoneSimulator.Build.0 = Release|Any CPU
		{C5E5802D-6A45-4FE9-BAE7-5F0AE91D72C1}.Release|x86.ActiveCfg = Release|x86
		{C5E5802D-6A45-4FE9-BAE7-5F0AE91D72C1}.Release|x86.Build.0 = Release|x86
		{C5E5802D-6A45-4FE9-BAE7-5F0AE91D72C1}.Release64|Any CPU.ActiveCfg = Release|Any CPU
		{C5E5802D-6A45-4FE9-BAE7-5F0AE91D72C1}.Release64|Any CPU.Build.0 = Release|Any CPU
		{C5E5802D-6A45-4FE9-BAE7-5F0AE91D72C1}.Release64|iPhone.ActiveCfg = Release|Any CPU
		{C5E5802D-6A45-4FE9-BAE7-5F0AE91D72C1}.Release64|iPhone.Build.0 = Release|Any CPU
		{C5E5802D-6A45-4FE9-BAE7-5F0AE91D72C1}.Release64|iPhoneSimulator.ActiveCfg = Release|Any CPU
		{C5E5802D-6A45-4FE9-BAE7-5F0AE91D72C1}.Release64|iPhoneSimulator.Build.0 = Release|Any CPU
		{C5E5802D-6A45-4FE9-BAE7-5F0AE91D72C1}.Release64|x86.ActiveCfg = Release|x86
		{C5E5802D-6A45-4FE9-BAE7-5F0AE91D72C1}.Release64|x86.Build.0 = Release|x86
		{9E204A4B-F9B8-4F7F-A792-184260B3494D}.Ad-Hoc|Any CPU.ActiveCfg = Release|Any CPU
		{9E204A4B-F9B8-4F7F-A792-184260B3494D}.Ad-Hoc|Any CPU.Build.0 = Release|Any CPU
		{9E204A4B-F9B8-4F7F-A792-184260B3494D}.Ad-Hoc|iPhone.ActiveCfg = Release|Any CPU
		{9E204A4B-F9B8-4F7F-A792-184260B3494D}.Ad-Hoc|iPhone.Build.0 = Release|Any CPU
		{9E204A4B-F9B8-4F7F-A792-184260B3494D}.Ad-Hoc|iPhoneSimulator.ActiveCfg = Release|Any CPU
		{9E204A4B-F9B8-4F7F-A792-184260B3494D}.Ad-Hoc|iPhoneSimulator.Build.0 = Release|Any CPU
		{9E204A4B-F9B8-4F7F-A792-184260B3494D}.Ad-Hoc|x86.ActiveCfg = Release|Any CPU
		{9E204A4B-F9B8-4F7F-A792-184260B3494D}.Ad-Hoc|x86.Build.0 = Release|Any CPU
		{9E204A4B-F9B8-4F7F-A792-184260B3494D}.AppStore|Any CPU.ActiveCfg = Release|Any CPU
		{9E204A4B-F9B8-4F7F-A792-184260B3494D}.AppStore|Any CPU.Build.0 = Release|Any CPU
		{9E204A4B-F9B8-4F7F-A792-184260B3494D}.AppStore|iPhone.ActiveCfg = Release|Any CPU
		{9E204A4B-F9B8-4F7F-A792-184260B3494D}.AppStore|iPhone.Build.0 = Release|Any CPU
		{9E204A4B-F9B8-4F7F-A792-184260B3494D}.AppStore|iPhoneSimulator.ActiveCfg = Release|Any CPU
		{9E204A4B-F9B8-4F7F-A792-184260B3494D}.AppStore|iPhoneSimulator.Build.0 = Release|Any CPU
		{9E204A4B-F9B8-4F7F-A792-184260B3494D}.AppStore|x86.ActiveCfg = Release|Any CPU
		{9E204A4B-F9B8-4F7F-A792-184260B3494D}.AppStore|x86.Build.0 = Release|Any CPU
		{9E204A4B-F9B8-4F7F-A792-184260B3494D}.Debug|Any CPU.ActiveCfg = Debug|Any CPU
		{9E204A4B-F9B8-4F7F-A792-184260B3494D}.Debug|Any CPU.Build.0 = Debug|Any CPU
		{9E204A4B-F9B8-4F7F-A792-184260B3494D}.Debug|iPhone.ActiveCfg = Debug|Any CPU
		{9E204A4B-F9B8-4F7F-A792-184260B3494D}.Debug|iPhone.Build.0 = Debug|Any CPU
		{9E204A4B-F9B8-4F7F-A792-184260B3494D}.Debug|iPhoneSimulator.ActiveCfg = Debug|Any CPU
		{9E204A4B-F9B8-4F7F-A792-184260B3494D}.Debug|iPhoneSimulator.Build.0 = Debug|Any CPU
		{9E204A4B-F9B8-4F7F-A792-184260B3494D}.Debug|x86.ActiveCfg = Debug|Any CPU
		{9E204A4B-F9B8-4F7F-A792-184260B3494D}.Debug|x86.Build.0 = Debug|Any CPU
		{9E204A4B-F9B8-4F7F-A792-184260B3494D}.Release|Any CPU.ActiveCfg = Release|Any CPU
		{9E204A4B-F9B8-4F7F-A792-184260B3494D}.Release|Any CPU.Build.0 = Release|Any CPU
		{9E204A4B-F9B8-4F7F-A792-184260B3494D}.Release|iPhone.ActiveCfg = Release|Any CPU
		{9E204A4B-F9B8-4F7F-A792-184260B3494D}.Release|iPhone.Build.0 = Release|Any CPU
		{9E204A4B-F9B8-4F7F-A792-184260B3494D}.Release|iPhoneSimulator.ActiveCfg = Release|Any CPU
		{9E204A4B-F9B8-4F7F-A792-184260B3494D}.Release|iPhoneSimulator.Build.0 = Release|Any CPU
		{9E204A4B-F9B8-4F7F-A792-184260B3494D}.Release|x86.ActiveCfg = Release|Any CPU
		{9E204A4B-F9B8-4F7F-A792-184260B3494D}.Release|x86.Build.0 = Release|Any CPU
		{9E204A4B-F9B8-4F7F-A792-184260B3494D}.Release64|Any CPU.ActiveCfg = Release|Any CPU
		{9E204A4B-F9B8-4F7F-A792-184260B3494D}.Release64|Any CPU.Build.0 = Release|Any CPU
		{9E204A4B-F9B8-4F7F-A792-184260B3494D}.Release64|iPhone.ActiveCfg = Release|Any CPU
		{9E204A4B-F9B8-4F7F-A792-184260B3494D}.Release64|iPhone.Build.0 = Release|Any CPU
		{9E204A4B-F9B8-4F7F-A792-184260B3494D}.Release64|iPhoneSimulator.ActiveCfg = Release|Any CPU
		{9E204A4B-F9B8-4F7F-A792-184260B3494D}.Release64|iPhoneSimulator.Build.0 = Release|Any CPU
		{9E204A4B-F9B8-4F7F-A792-184260B3494D}.Release64|x86.ActiveCfg = Release|Any CPU
		{9E204A4B-F9B8-4F7F-A792-184260B3494D}.Release64|x86.Build.0 = Release|Any CPU
		{6ABD1C6E-866D-42A8-99D0-7780B4AD08D3}.Ad-Hoc|Any CPU.ActiveCfg = Release|Any CPU
		{6ABD1C6E-866D-42A8-99D0-7780B4AD08D3}.Ad-Hoc|Any CPU.Build.0 = Release|Any CPU
		{6ABD1C6E-866D-42A8-99D0-7780B4AD08D3}.Ad-Hoc|iPhone.ActiveCfg = Release|Any CPU
		{6ABD1C6E-866D-42A8-99D0-7780B4AD08D3}.Ad-Hoc|iPhone.Build.0 = Release|Any CPU
		{6ABD1C6E-866D-42A8-99D0-7780B4AD08D3}.Ad-Hoc|iPhoneSimulator.ActiveCfg = Release|Any CPU
		{6ABD1C6E-866D-42A8-99D0-7780B4AD08D3}.Ad-Hoc|iPhoneSimulator.Build.0 = Release|Any CPU
		{6ABD1C6E-866D-42A8-99D0-7780B4AD08D3}.Ad-Hoc|x86.ActiveCfg = Release|Any CPU
		{6ABD1C6E-866D-42A8-99D0-7780B4AD08D3}.Ad-Hoc|x86.Build.0 = Release|Any CPU
		{6ABD1C6E-866D-42A8-99D0-7780B4AD08D3}.AppStore|Any CPU.ActiveCfg = Release|Any CPU
		{6ABD1C6E-866D-42A8-99D0-7780B4AD08D3}.AppStore|Any CPU.Build.0 = Release|Any CPU
		{6ABD1C6E-866D-42A8-99D0-7780B4AD08D3}.AppStore|iPhone.ActiveCfg = Release|Any CPU
		{6ABD1C6E-866D-42A8-99D0-7780B4AD08D3}.AppStore|iPhone.Build.0 = Release|Any CPU
		{6ABD1C6E-866D-42A8-99D0-7780B4AD08D3}.AppStore|iPhoneSimulator.ActiveCfg = Release|Any CPU
		{6ABD1C6E-866D-42A8-99D0-7780B4AD08D3}.AppStore|iPhoneSimulator.Build.0 = Release|Any CPU
		{6ABD1C6E-866D-42A8-99D0-7780B4AD08D3}.AppStore|x86.ActiveCfg = Release|Any CPU
		{6ABD1C6E-866D-42A8-99D0-7780B4AD08D3}.AppStore|x86.Build.0 = Release|Any CPU
		{6ABD1C6E-866D-42A8-99D0-7780B4AD08D3}.Debug|Any CPU.ActiveCfg = Debug|Any CPU
		{6ABD1C6E-866D-42A8-99D0-7780B4AD08D3}.Debug|Any CPU.Build.0 = Debug|Any CPU
		{6ABD1C6E-866D-42A8-99D0-7780B4AD08D3}.Debug|iPhone.ActiveCfg = Debug|Any CPU
		{6ABD1C6E-866D-42A8-99D0-7780B4AD08D3}.Debug|iPhone.Build.0 = Debug|Any CPU
		{6ABD1C6E-866D-42A8-99D0-7780B4AD08D3}.Debug|iPhoneSimulator.ActiveCfg = Debug|Any CPU
		{6ABD1C6E-866D-42A8-99D0-7780B4AD08D3}.Debug|iPhoneSimulator.Build.0 = Debug|Any CPU
		{6ABD1C6E-866D-42A8-99D0-7780B4AD08D3}.Debug|x86.ActiveCfg = Debug|Any CPU
		{6ABD1C6E-866D-42A8-99D0-7780B4AD08D3}.Debug|x86.Build.0 = Debug|Any CPU
		{6ABD1C6E-866D-42A8-99D0-7780B4AD08D3}.Release|Any CPU.ActiveCfg = Release|Any CPU
		{6ABD1C6E-866D-42A8-99D0-7780B4AD08D3}.Release|Any CPU.Build.0 = Release|Any CPU
		{6ABD1C6E-866D-42A8-99D0-7780B4AD08D3}.Release|iPhone.ActiveCfg = Release|Any CPU
		{6ABD1C6E-866D-42A8-99D0-7780B4AD08D3}.Release|iPhone.Build.0 = Release|Any CPU
		{6ABD1C6E-866D-42A8-99D0-7780B4AD08D3}.Release|iPhoneSimulator.ActiveCfg = Release|Any CPU
		{6ABD1C6E-866D-42A8-99D0-7780B4AD08D3}.Release|iPhoneSimulator.Build.0 = Release|Any CPU
		{6ABD1C6E-866D-42A8-99D0-7780B4AD08D3}.Release|x86.ActiveCfg = Release|Any CPU
		{6ABD1C6E-866D-42A8-99D0-7780B4AD08D3}.Release|x86.Build.0 = Release|Any CPU
		{6ABD1C6E-866D-42A8-99D0-7780B4AD08D3}.Release64|Any CPU.ActiveCfg = Release|Any CPU
		{6ABD1C6E-866D-42A8-99D0-7780B4AD08D3}.Release64|Any CPU.Build.0 = Release|Any CPU
		{6ABD1C6E-866D-42A8-99D0-7780B4AD08D3}.Release64|iPhone.ActiveCfg = Release|Any CPU
		{6ABD1C6E-866D-42A8-99D0-7780B4AD08D3}.Release64|iPhone.Build.0 = Release|Any CPU
		{6ABD1C6E-866D-42A8-99D0-7780B4AD08D3}.Release64|iPhoneSimulator.ActiveCfg = Release|Any CPU
		{6ABD1C6E-866D-42A8-99D0-7780B4AD08D3}.Release64|iPhoneSimulator.Build.0 = Release|Any CPU
		{6ABD1C6E-866D-42A8-99D0-7780B4AD08D3}.Release64|x86.ActiveCfg = Release|Any CPU
		{6ABD1C6E-866D-42A8-99D0-7780B4AD08D3}.Release64|x86.Build.0 = Release|Any CPU
		{A96ADB72-B7FD-4F8F-ACF0-DF1274DDDA6B}.Ad-Hoc|Any CPU.ActiveCfg = Release|Any CPU
		{A96ADB72-B7FD-4F8F-ACF0-DF1274DDDA6B}.Ad-Hoc|Any CPU.Build.0 = Release|Any CPU
		{A96ADB72-B7FD-4F8F-ACF0-DF1274DDDA6B}.Ad-Hoc|iPhone.ActiveCfg = Release|Any CPU
		{A96ADB72-B7FD-4F8F-ACF0-DF1274DDDA6B}.Ad-Hoc|iPhone.Build.0 = Release|Any CPU
		{A96ADB72-B7FD-4F8F-ACF0-DF1274DDDA6B}.Ad-Hoc|iPhoneSimulator.ActiveCfg = Release|Any CPU
		{A96ADB72-B7FD-4F8F-ACF0-DF1274DDDA6B}.Ad-Hoc|iPhoneSimulator.Build.0 = Release|Any CPU
		{A96ADB72-B7FD-4F8F-ACF0-DF1274DDDA6B}.Ad-Hoc|x86.ActiveCfg = Release|Any CPU
		{A96ADB72-B7FD-4F8F-ACF0-DF1274DDDA6B}.Ad-Hoc|x86.Build.0 = Release|Any CPU
		{A96ADB72-B7FD-4F8F-ACF0-DF1274DDDA6B}.AppStore|Any CPU.ActiveCfg = Release|Any CPU
		{A96ADB72-B7FD-4F8F-ACF0-DF1274DDDA6B}.AppStore|Any CPU.Build.0 = Release|Any CPU
		{A96ADB72-B7FD-4F8F-ACF0-DF1274DDDA6B}.AppStore|iPhone.ActiveCfg = Release|Any CPU
		{A96ADB72-B7FD-4F8F-ACF0-DF1274DDDA6B}.AppStore|iPhone.Build.0 = Release|Any CPU
		{A96ADB72-B7FD-4F8F-ACF0-DF1274DDDA6B}.AppStore|iPhoneSimulator.ActiveCfg = Release|Any CPU
		{A96ADB72-B7FD-4F8F-ACF0-DF1274DDDA6B}.AppStore|iPhoneSimulator.Build.0 = Release|Any CPU
		{A96ADB72-B7FD-4F8F-ACF0-DF1274DDDA6B}.AppStore|x86.ActiveCfg = Release|Any CPU
		{A96ADB72-B7FD-4F8F-ACF0-DF1274DDDA6B}.AppStore|x86.Build.0 = Release|Any CPU
		{A96ADB72-B7FD-4F8F-ACF0-DF1274DDDA6B}.Debug|Any CPU.ActiveCfg = Debug|Any CPU
		{A96ADB72-B7FD-4F8F-ACF0-DF1274DDDA6B}.Debug|Any CPU.Build.0 = Debug|Any CPU
		{A96ADB72-B7FD-4F8F-ACF0-DF1274DDDA6B}.Debug|iPhone.ActiveCfg = Debug|Any CPU
		{A96ADB72-B7FD-4F8F-ACF0-DF1274DDDA6B}.Debug|iPhone.Build.0 = Debug|Any CPU
		{A96ADB72-B7FD-4F8F-ACF0-DF1274DDDA6B}.Debug|iPhoneSimulator.ActiveCfg = Debug|Any CPU
		{A96ADB72-B7FD-4F8F-ACF0-DF1274DDDA6B}.Debug|iPhoneSimulator.Build.0 = Debug|Any CPU
		{A96ADB72-B7FD-4F8F-ACF0-DF1274DDDA6B}.Debug|x86.ActiveCfg = Debug|Any CPU
		{A96ADB72-B7FD-4F8F-ACF0-DF1274DDDA6B}.Debug|x86.Build.0 = Debug|Any CPU
		{A96ADB72-B7FD-4F8F-ACF0-DF1274DDDA6B}.Release|Any CPU.ActiveCfg = Release|Any CPU
		{A96ADB72-B7FD-4F8F-ACF0-DF1274DDDA6B}.Release|Any CPU.Build.0 = Release|Any CPU
		{A96ADB72-B7FD-4F8F-ACF0-DF1274DDDA6B}.Release|iPhone.ActiveCfg = Release|Any CPU
		{A96ADB72-B7FD-4F8F-ACF0-DF1274DDDA6B}.Release|iPhone.Build.0 = Release|Any CPU
		{A96ADB72-B7FD-4F8F-ACF0-DF1274DDDA6B}.Release|iPhoneSimulator.ActiveCfg = Release|Any CPU
		{A96ADB72-B7FD-4F8F-ACF0-DF1274DDDA6B}.Release|iPhoneSimulator.Build.0 = Release|Any CPU
		{A96ADB72-B7FD-4F8F-ACF0-DF1274DDDA6B}.Release|x86.ActiveCfg = Release|Any CPU
		{A96ADB72-B7FD-4F8F-ACF0-DF1274DDDA6B}.Release|x86.Build.0 = Release|Any CPU
		{A96ADB72-B7FD-4F8F-ACF0-DF1274DDDA6B}.Release64|Any CPU.ActiveCfg = Release|Any CPU
		{A96ADB72-B7FD-4F8F-ACF0-DF1274DDDA6B}.Release64|Any CPU.Build.0 = Release|Any CPU
		{A96ADB72-B7FD-4F8F-ACF0-DF1274DDDA6B}.Release64|iPhone.ActiveCfg = Release|Any CPU
		{A96ADB72-B7FD-4F8F-ACF0-DF1274DDDA6B}.Release64|iPhone.Build.0 = Release|Any CPU
		{A96ADB72-B7FD-4F8F-ACF0-DF1274DDDA6B}.Release64|iPhoneSimulator.ActiveCfg = Release|Any CPU
		{A96ADB72-B7FD-4F8F-ACF0-DF1274DDDA6B}.Release64|iPhoneSimulator.Build.0 = Release|Any CPU
		{A96ADB72-B7FD-4F8F-ACF0-DF1274DDDA6B}.Release64|x86.ActiveCfg = Release|Any CPU
		{A96ADB72-B7FD-4F8F-ACF0-DF1274DDDA6B}.Release64|x86.Build.0 = Release|Any CPU
		{7B742F80-62CE-401B-96C6-CFCC30002F19}.Ad-Hoc|Any CPU.ActiveCfg = Release|Any CPU
		{7B742F80-62CE-401B-96C6-CFCC30002F19}.Ad-Hoc|Any CPU.Build.0 = Release|Any CPU
		{7B742F80-62CE-401B-96C6-CFCC30002F19}.Ad-Hoc|iPhone.ActiveCfg = Release|Any CPU
		{7B742F80-62CE-401B-96C6-CFCC30002F19}.Ad-Hoc|iPhone.Build.0 = Release|Any CPU
		{7B742F80-62CE-401B-96C6-CFCC30002F19}.Ad-Hoc|iPhoneSimulator.ActiveCfg = Release|Any CPU
		{7B742F80-62CE-401B-96C6-CFCC30002F19}.Ad-Hoc|iPhoneSimulator.Build.0 = Release|Any CPU
		{7B742F80-62CE-401B-96C6-CFCC30002F19}.Ad-Hoc|x86.ActiveCfg = Release|Any CPU
		{7B742F80-62CE-401B-96C6-CFCC30002F19}.Ad-Hoc|x86.Build.0 = Release|Any CPU
		{7B742F80-62CE-401B-96C6-CFCC30002F19}.AppStore|Any CPU.ActiveCfg = Release|Any CPU
		{7B742F80-62CE-401B-96C6-CFCC30002F19}.AppStore|Any CPU.Build.0 = Release|Any CPU
		{7B742F80-62CE-401B-96C6-CFCC30002F19}.AppStore|iPhone.ActiveCfg = Release|Any CPU
		{7B742F80-62CE-401B-96C6-CFCC30002F19}.AppStore|iPhone.Build.0 = Release|Any CPU
		{7B742F80-62CE-401B-96C6-CFCC30002F19}.AppStore|iPhoneSimulator.ActiveCfg = Release|Any CPU
		{7B742F80-62CE-401B-96C6-CFCC30002F19}.AppStore|iPhoneSimulator.Build.0 = Release|Any CPU
		{7B742F80-62CE-401B-96C6-CFCC30002F19}.AppStore|x86.ActiveCfg = Release|Any CPU
		{7B742F80-62CE-401B-96C6-CFCC30002F19}.AppStore|x86.Build.0 = Release|Any CPU
		{7B742F80-62CE-401B-96C6-CFCC30002F19}.Debug|Any CPU.ActiveCfg = Debug|Any CPU
		{7B742F80-62CE-401B-96C6-CFCC30002F19}.Debug|Any CPU.Build.0 = Debug|Any CPU
		{7B742F80-62CE-401B-96C6-CFCC30002F19}.Debug|iPhone.ActiveCfg = Debug|Any CPU
		{7B742F80-62CE-401B-96C6-CFCC30002F19}.Debug|iPhone.Build.0 = Debug|Any CPU
		{7B742F80-62CE-401B-96C6-CFCC30002F19}.Debug|iPhoneSimulator.ActiveCfg = Debug|Any CPU
		{7B742F80-62CE-401B-96C6-CFCC30002F19}.Debug|iPhoneSimulator.Build.0 = Debug|Any CPU
		{7B742F80-62CE-401B-96C6-CFCC30002F19}.Debug|x86.ActiveCfg = Debug|Any CPU
		{7B742F80-62CE-401B-96C6-CFCC30002F19}.Debug|x86.Build.0 = Debug|Any CPU
		{7B742F80-62CE-401B-96C6-CFCC30002F19}.Release|Any CPU.ActiveCfg = Release|Any CPU
		{7B742F80-62CE-401B-96C6-CFCC30002F19}.Release|Any CPU.Build.0 = Release|Any CPU
		{7B742F80-62CE-401B-96C6-CFCC30002F19}.Release|iPhone.ActiveCfg = Release|Any CPU
		{7B742F80-62CE-401B-96C6-CFCC30002F19}.Release|iPhone.Build.0 = Release|Any CPU
		{7B742F80-62CE-401B-96C6-CFCC30002F19}.Release|iPhoneSimulator.ActiveCfg = Release|Any CPU
		{7B742F80-62CE-401B-96C6-CFCC30002F19}.Release|iPhoneSimulator.Build.0 = Release|Any CPU
		{7B742F80-62CE-401B-96C6-CFCC30002F19}.Release|x86.ActiveCfg = Release|Any CPU
		{7B742F80-62CE-401B-96C6-CFCC30002F19}.Release|x86.Build.0 = Release|Any CPU
		{7B742F80-62CE-401B-96C6-CFCC30002F19}.Release64|Any CPU.ActiveCfg = Release|Any CPU
		{7B742F80-62CE-401B-96C6-CFCC30002F19}.Release64|Any CPU.Build.0 = Release|Any CPU
		{7B742F80-62CE-401B-96C6-CFCC30002F19}.Release64|iPhone.ActiveCfg = Release|Any CPU
		{7B742F80-62CE-401B-96C6-CFCC30002F19}.Release64|iPhone.Build.0 = Release|Any CPU
		{7B742F80-62CE-401B-96C6-CFCC30002F19}.Release64|iPhoneSimulator.ActiveCfg = Release|Any CPU
		{7B742F80-62CE-401B-96C6-CFCC30002F19}.Release64|iPhoneSimulator.Build.0 = Release|Any CPU
		{7B742F80-62CE-401B-96C6-CFCC30002F19}.Release64|x86.ActiveCfg = Release|Any CPU
		{7B742F80-62CE-401B-96C6-CFCC30002F19}.Release64|x86.Build.0 = Release|Any CPU
		{F7D71E61-9342-4DD7-9AFD-69045F2EC98B}.Ad-Hoc|Any CPU.ActiveCfg = Release|Any CPU
		{F7D71E61-9342-4DD7-9AFD-69045F2EC98B}.Ad-Hoc|Any CPU.Build.0 = Release|Any CPU
		{F7D71E61-9342-4DD7-9AFD-69045F2EC98B}.Ad-Hoc|iPhone.ActiveCfg = Release|Any CPU
		{F7D71E61-9342-4DD7-9AFD-69045F2EC98B}.Ad-Hoc|iPhone.Build.0 = Release|Any CPU
		{F7D71E61-9342-4DD7-9AFD-69045F2EC98B}.Ad-Hoc|iPhoneSimulator.ActiveCfg = Release|Any CPU
		{F7D71E61-9342-4DD7-9AFD-69045F2EC98B}.Ad-Hoc|iPhoneSimulator.Build.0 = Release|Any CPU
		{F7D71E61-9342-4DD7-9AFD-69045F2EC98B}.Ad-Hoc|x86.ActiveCfg = Release|Any CPU
		{F7D71E61-9342-4DD7-9AFD-69045F2EC98B}.Ad-Hoc|x86.Build.0 = Release|Any CPU
		{F7D71E61-9342-4DD7-9AFD-69045F2EC98B}.AppStore|Any CPU.ActiveCfg = Release|Any CPU
		{F7D71E61-9342-4DD7-9AFD-69045F2EC98B}.AppStore|Any CPU.Build.0 = Release|Any CPU
		{F7D71E61-9342-4DD7-9AFD-69045F2EC98B}.AppStore|iPhone.ActiveCfg = Release|Any CPU
		{F7D71E61-9342-4DD7-9AFD-69045F2EC98B}.AppStore|iPhone.Build.0 = Release|Any CPU
		{F7D71E61-9342-4DD7-9AFD-69045F2EC98B}.AppStore|iPhoneSimulator.ActiveCfg = Release|Any CPU
		{F7D71E61-9342-4DD7-9AFD-69045F2EC98B}.AppStore|iPhoneSimulator.Build.0 = Release|Any CPU
		{F7D71E61-9342-4DD7-9AFD-69045F2EC98B}.AppStore|x86.ActiveCfg = Release|Any CPU
		{F7D71E61-9342-4DD7-9AFD-69045F2EC98B}.AppStore|x86.Build.0 = Release|Any CPU
		{F7D71E61-9342-4DD7-9AFD-69045F2EC98B}.Debug|Any CPU.ActiveCfg = Debug|Any CPU
		{F7D71E61-9342-4DD7-9AFD-69045F2EC98B}.Debug|Any CPU.Build.0 = Debug|Any CPU
		{F7D71E61-9342-4DD7-9AFD-69045F2EC98B}.Debug|iPhone.ActiveCfg = Debug|Any CPU
		{F7D71E61-9342-4DD7-9AFD-69045F2EC98B}.Debug|iPhone.Build.0 = Debug|Any CPU
		{F7D71E61-9342-4DD7-9AFD-69045F2EC98B}.Debug|iPhoneSimulator.ActiveCfg = Debug|Any CPU
		{F7D71E61-9342-4DD7-9AFD-69045F2EC98B}.Debug|iPhoneSimulator.Build.0 = Debug|Any CPU
		{F7D71E61-9342-4DD7-9AFD-69045F2EC98B}.Debug|x86.ActiveCfg = Debug|Any CPU
		{F7D71E61-9342-4DD7-9AFD-69045F2EC98B}.Debug|x86.Build.0 = Debug|Any CPU
		{F7D71E61-9342-4DD7-9AFD-69045F2EC98B}.Release|Any CPU.ActiveCfg = Release|Any CPU
		{F7D71E61-9342-4DD7-9AFD-69045F2EC98B}.Release|Any CPU.Build.0 = Release|Any CPU
		{F7D71E61-9342-4DD7-9AFD-69045F2EC98B}.Release|iPhone.ActiveCfg = Release|Any CPU
		{F7D71E61-9342-4DD7-9AFD-69045F2EC98B}.Release|iPhone.Build.0 = Release|Any CPU
		{F7D71E61-9342-4DD7-9AFD-69045F2EC98B}.Release|iPhoneSimulator.ActiveCfg = Release|Any CPU
		{F7D71E61-9342-4DD7-9AFD-69045F2EC98B}.Release|iPhoneSimulator.Build.0 = Release|Any CPU
		{F7D71E61-9342-4DD7-9AFD-69045F2EC98B}.Release|x86.ActiveCfg = Release|Any CPU
		{F7D71E61-9342-4DD7-9AFD-69045F2EC98B}.Release|x86.Build.0 = Release|Any CPU
		{F7D71E61-9342-4DD7-9AFD-69045F2EC98B}.Release64|Any CPU.ActiveCfg = Release|Any CPU
		{F7D71E61-9342-4DD7-9AFD-69045F2EC98B}.Release64|Any CPU.Build.0 = Release|Any CPU
		{F7D71E61-9342-4DD7-9AFD-69045F2EC98B}.Release64|iPhone.ActiveCfg = Release|Any CPU
		{F7D71E61-9342-4DD7-9AFD-69045F2EC98B}.Release64|iPhone.Build.0 = Release|Any CPU
		{F7D71E61-9342-4DD7-9AFD-69045F2EC98B}.Release64|iPhoneSimulator.ActiveCfg = Release|Any CPU
		{F7D71E61-9342-4DD7-9AFD-69045F2EC98B}.Release64|iPhoneSimulator.Build.0 = Release|Any CPU
		{F7D71E61-9342-4DD7-9AFD-69045F2EC98B}.Release64|x86.ActiveCfg = Release|Any CPU
		{F7D71E61-9342-4DD7-9AFD-69045F2EC98B}.Release64|x86.Build.0 = Release|Any CPU
		{C6807D05-09BE-4313-9F8B-BD2D51C55819}.Ad-Hoc|Any CPU.ActiveCfg = Release|Any CPU
		{C6807D05-09BE-4313-9F8B-BD2D51C55819}.Ad-Hoc|Any CPU.Build.0 = Release|Any CPU
		{C6807D05-09BE-4313-9F8B-BD2D51C55819}.Ad-Hoc|iPhone.ActiveCfg = Release|Any CPU
		{C6807D05-09BE-4313-9F8B-BD2D51C55819}.Ad-Hoc|iPhone.Build.0 = Release|Any CPU
		{C6807D05-09BE-4313-9F8B-BD2D51C55819}.Ad-Hoc|iPhoneSimulator.ActiveCfg = Release|Any CPU
		{C6807D05-09BE-4313-9F8B-BD2D51C55819}.Ad-Hoc|iPhoneSimulator.Build.0 = Release|Any CPU
		{C6807D05-09BE-4313-9F8B-BD2D51C55819}.Ad-Hoc|x86.ActiveCfg = Release|Any CPU
		{C6807D05-09BE-4313-9F8B-BD2D51C55819}.Ad-Hoc|x86.Build.0 = Release|Any CPU
		{C6807D05-09BE-4313-9F8B-BD2D51C55819}.AppStore|Any CPU.ActiveCfg = Release|Any CPU
		{C6807D05-09BE-4313-9F8B-BD2D51C55819}.AppStore|Any CPU.Build.0 = Release|Any CPU
		{C6807D05-09BE-4313-9F8B-BD2D51C55819}.AppStore|iPhone.ActiveCfg = Release|Any CPU
		{C6807D05-09BE-4313-9F8B-BD2D51C55819}.AppStore|iPhone.Build.0 = Release|Any CPU
		{C6807D05-09BE-4313-9F8B-BD2D51C55819}.AppStore|iPhoneSimulator.ActiveCfg = Release|Any CPU
		{C6807D05-09BE-4313-9F8B-BD2D51C55819}.AppStore|iPhoneSimulator.Build.0 = Release|Any CPU
		{C6807D05-09BE-4313-9F8B-BD2D51C55819}.AppStore|x86.ActiveCfg = Release|Any CPU
		{C6807D05-09BE-4313-9F8B-BD2D51C55819}.AppStore|x86.Build.0 = Release|Any CPU
		{C6807D05-09BE-4313-9F8B-BD2D51C55819}.Debug|Any CPU.ActiveCfg = Debug|Any CPU
		{C6807D05-09BE-4313-9F8B-BD2D51C55819}.Debug|Any CPU.Build.0 = Debug|Any CPU
		{C6807D05-09BE-4313-9F8B-BD2D51C55819}.Debug|iPhone.ActiveCfg = Debug|Any CPU
		{C6807D05-09BE-4313-9F8B-BD2D51C55819}.Debug|iPhone.Build.0 = Debug|Any CPU
		{C6807D05-09BE-4313-9F8B-BD2D51C55819}.Debug|iPhoneSimulator.ActiveCfg = Debug|Any CPU
		{C6807D05-09BE-4313-9F8B-BD2D51C55819}.Debug|iPhoneSimulator.Build.0 = Debug|Any CPU
		{C6807D05-09BE-4313-9F8B-BD2D51C55819}.Debug|x86.ActiveCfg = Debug|Any CPU
		{C6807D05-09BE-4313-9F8B-BD2D51C55819}.Debug|x86.Build.0 = Debug|Any CPU
		{C6807D05-09BE-4313-9F8B-BD2D51C55819}.Release|Any CPU.ActiveCfg = Release|Any CPU
		{C6807D05-09BE-4313-9F8B-BD2D51C55819}.Release|Any CPU.Build.0 = Release|Any CPU
		{C6807D05-09BE-4313-9F8B-BD2D51C55819}.Release|iPhone.ActiveCfg = Release|Any CPU
		{C6807D05-09BE-4313-9F8B-BD2D51C55819}.Release|iPhone.Build.0 = Release|Any CPU
		{C6807D05-09BE-4313-9F8B-BD2D51C55819}.Release|iPhoneSimulator.ActiveCfg = Release|Any CPU
		{C6807D05-09BE-4313-9F8B-BD2D51C55819}.Release|iPhoneSimulator.Build.0 = Release|Any CPU
		{C6807D05-09BE-4313-9F8B-BD2D51C55819}.Release|x86.ActiveCfg = Release|Any CPU
		{C6807D05-09BE-4313-9F8B-BD2D51C55819}.Release|x86.Build.0 = Release|Any CPU
		{C6807D05-09BE-4313-9F8B-BD2D51C55819}.Release64|Any CPU.ActiveCfg = Release|Any CPU
		{C6807D05-09BE-4313-9F8B-BD2D51C55819}.Release64|Any CPU.Build.0 = Release|Any CPU
		{C6807D05-09BE-4313-9F8B-BD2D51C55819}.Release64|iPhone.ActiveCfg = Release|Any CPU
		{C6807D05-09BE-4313-9F8B-BD2D51C55819}.Release64|iPhone.Build.0 = Release|Any CPU
		{C6807D05-09BE-4313-9F8B-BD2D51C55819}.Release64|iPhoneSimulator.ActiveCfg = Release|Any CPU
		{C6807D05-09BE-4313-9F8B-BD2D51C55819}.Release64|iPhoneSimulator.Build.0 = Release|Any CPU
		{C6807D05-09BE-4313-9F8B-BD2D51C55819}.Release64|x86.ActiveCfg = Release|Any CPU
		{C6807D05-09BE-4313-9F8B-BD2D51C55819}.Release64|x86.Build.0 = Release|Any CPU
		{6364C83C-C6E3-4EA5-A4BD-4E7319D00C13}.Ad-Hoc|Any CPU.ActiveCfg = Debug|Any CPU
		{6364C83C-C6E3-4EA5-A4BD-4E7319D00C13}.Ad-Hoc|Any CPU.Build.0 = Debug|Any CPU
		{6364C83C-C6E3-4EA5-A4BD-4E7319D00C13}.Ad-Hoc|iPhone.ActiveCfg = Debug|Any CPU
		{6364C83C-C6E3-4EA5-A4BD-4E7319D00C13}.Ad-Hoc|iPhone.Build.0 = Debug|Any CPU
		{6364C83C-C6E3-4EA5-A4BD-4E7319D00C13}.Ad-Hoc|iPhoneSimulator.ActiveCfg = Debug|Any CPU
		{6364C83C-C6E3-4EA5-A4BD-4E7319D00C13}.Ad-Hoc|iPhoneSimulator.Build.0 = Debug|Any CPU
		{6364C83C-C6E3-4EA5-A4BD-4E7319D00C13}.Ad-Hoc|x86.ActiveCfg = Debug|Any CPU
		{6364C83C-C6E3-4EA5-A4BD-4E7319D00C13}.Ad-Hoc|x86.Build.0 = Debug|Any CPU
		{6364C83C-C6E3-4EA5-A4BD-4E7319D00C13}.AppStore|Any CPU.ActiveCfg = Debug|Any CPU
		{6364C83C-C6E3-4EA5-A4BD-4E7319D00C13}.AppStore|Any CPU.Build.0 = Debug|Any CPU
		{6364C83C-C6E3-4EA5-A4BD-4E7319D00C13}.AppStore|iPhone.ActiveCfg = Debug|Any CPU
		{6364C83C-C6E3-4EA5-A4BD-4E7319D00C13}.AppStore|iPhone.Build.0 = Debug|Any CPU
		{6364C83C-C6E3-4EA5-A4BD-4E7319D00C13}.AppStore|iPhoneSimulator.ActiveCfg = Debug|Any CPU
		{6364C83C-C6E3-4EA5-A4BD-4E7319D00C13}.AppStore|iPhoneSimulator.Build.0 = Debug|Any CPU
		{6364C83C-C6E3-4EA5-A4BD-4E7319D00C13}.AppStore|x86.ActiveCfg = Debug|Any CPU
		{6364C83C-C6E3-4EA5-A4BD-4E7319D00C13}.AppStore|x86.Build.0 = Debug|Any CPU
		{6364C83C-C6E3-4EA5-A4BD-4E7319D00C13}.Debug|Any CPU.ActiveCfg = Debug|Any CPU
		{6364C83C-C6E3-4EA5-A4BD-4E7319D00C13}.Debug|Any CPU.Build.0 = Debug|Any CPU
		{6364C83C-C6E3-4EA5-A4BD-4E7319D00C13}.Debug|iPhone.ActiveCfg = Debug|Any CPU
		{6364C83C-C6E3-4EA5-A4BD-4E7319D00C13}.Debug|iPhone.Build.0 = Debug|Any CPU
		{6364C83C-C6E3-4EA5-A4BD-4E7319D00C13}.Debug|iPhoneSimulator.ActiveCfg = Debug|Any CPU
		{6364C83C-C6E3-4EA5-A4BD-4E7319D00C13}.Debug|iPhoneSimulator.Build.0 = Debug|Any CPU
		{6364C83C-C6E3-4EA5-A4BD-4E7319D00C13}.Debug|x86.ActiveCfg = Debug|Any CPU
		{6364C83C-C6E3-4EA5-A4BD-4E7319D00C13}.Debug|x86.Build.0 = Debug|Any CPU
		{6364C83C-C6E3-4EA5-A4BD-4E7319D00C13}.Release|Any CPU.ActiveCfg = Release|Any CPU
		{6364C83C-C6E3-4EA5-A4BD-4E7319D00C13}.Release|Any CPU.Build.0 = Release|Any CPU
		{6364C83C-C6E3-4EA5-A4BD-4E7319D00C13}.Release|iPhone.ActiveCfg = Release|Any CPU
		{6364C83C-C6E3-4EA5-A4BD-4E7319D00C13}.Release|iPhone.Build.0 = Release|Any CPU
		{6364C83C-C6E3-4EA5-A4BD-4E7319D00C13}.Release|iPhoneSimulator.ActiveCfg = Release|Any CPU
		{6364C83C-C6E3-4EA5-A4BD-4E7319D00C13}.Release|iPhoneSimulator.Build.0 = Release|Any CPU
		{6364C83C-C6E3-4EA5-A4BD-4E7319D00C13}.Release|x86.ActiveCfg = Release|Any CPU
		{6364C83C-C6E3-4EA5-A4BD-4E7319D00C13}.Release|x86.Build.0 = Release|Any CPU
		{6364C83C-C6E3-4EA5-A4BD-4E7319D00C13}.Release64|Any CPU.ActiveCfg = Release|Any CPU
		{6364C83C-C6E3-4EA5-A4BD-4E7319D00C13}.Release64|Any CPU.Build.0 = Release|Any CPU
		{6364C83C-C6E3-4EA5-A4BD-4E7319D00C13}.Release64|iPhone.ActiveCfg = Release|Any CPU
		{6364C83C-C6E3-4EA5-A4BD-4E7319D00C13}.Release64|iPhone.Build.0 = Release|Any CPU
		{6364C83C-C6E3-4EA5-A4BD-4E7319D00C13}.Release64|iPhoneSimulator.ActiveCfg = Release|Any CPU
		{6364C83C-C6E3-4EA5-A4BD-4E7319D00C13}.Release64|iPhoneSimulator.Build.0 = Release|Any CPU
		{6364C83C-C6E3-4EA5-A4BD-4E7319D00C13}.Release64|x86.ActiveCfg = Release|Any CPU
		{6364C83C-C6E3-4EA5-A4BD-4E7319D00C13}.Release64|x86.Build.0 = Release|Any CPU
		{F8E6D3CC-D09F-4616-BCB7-C0CC86B62B32}.Ad-Hoc|Any CPU.ActiveCfg = Debug|Any CPU
		{F8E6D3CC-D09F-4616-BCB7-C0CC86B62B32}.Ad-Hoc|Any CPU.Build.0 = Debug|Any CPU
		{F8E6D3CC-D09F-4616-BCB7-C0CC86B62B32}.Ad-Hoc|iPhone.ActiveCfg = Debug|Any CPU
		{F8E6D3CC-D09F-4616-BCB7-C0CC86B62B32}.Ad-Hoc|iPhone.Build.0 = Debug|Any CPU
		{F8E6D3CC-D09F-4616-BCB7-C0CC86B62B32}.Ad-Hoc|iPhoneSimulator.ActiveCfg = Debug|Any CPU
		{F8E6D3CC-D09F-4616-BCB7-C0CC86B62B32}.Ad-Hoc|iPhoneSimulator.Build.0 = Debug|Any CPU
		{F8E6D3CC-D09F-4616-BCB7-C0CC86B62B32}.Ad-Hoc|x86.ActiveCfg = Debug|Any CPU
		{F8E6D3CC-D09F-4616-BCB7-C0CC86B62B32}.Ad-Hoc|x86.Build.0 = Debug|Any CPU
		{F8E6D3CC-D09F-4616-BCB7-C0CC86B62B32}.AppStore|Any CPU.ActiveCfg = Debug|Any CPU
		{F8E6D3CC-D09F-4616-BCB7-C0CC86B62B32}.AppStore|Any CPU.Build.0 = Debug|Any CPU
		{F8E6D3CC-D09F-4616-BCB7-C0CC86B62B32}.AppStore|iPhone.ActiveCfg = Debug|Any CPU
		{F8E6D3CC-D09F-4616-BCB7-C0CC86B62B32}.AppStore|iPhone.Build.0 = Debug|Any CPU
		{F8E6D3CC-D09F-4616-BCB7-C0CC86B62B32}.AppStore|iPhoneSimulator.ActiveCfg = Debug|Any CPU
		{F8E6D3CC-D09F-4616-BCB7-C0CC86B62B32}.AppStore|iPhoneSimulator.Build.0 = Debug|Any CPU
		{F8E6D3CC-D09F-4616-BCB7-C0CC86B62B32}.AppStore|x86.ActiveCfg = Debug|Any CPU
		{F8E6D3CC-D09F-4616-BCB7-C0CC86B62B32}.AppStore|x86.Build.0 = Debug|Any CPU
		{F8E6D3CC-D09F-4616-BCB7-C0CC86B62B32}.Debug|Any CPU.ActiveCfg = Debug|Any CPU
		{F8E6D3CC-D09F-4616-BCB7-C0CC86B62B32}.Debug|Any CPU.Build.0 = Debug|Any CPU
		{F8E6D3CC-D09F-4616-BCB7-C0CC86B62B32}.Debug|iPhone.ActiveCfg = Debug|Any CPU
		{F8E6D3CC-D09F-4616-BCB7-C0CC86B62B32}.Debug|iPhone.Build.0 = Debug|Any CPU
		{F8E6D3CC-D09F-4616-BCB7-C0CC86B62B32}.Debug|iPhoneSimulator.ActiveCfg = Debug|Any CPU
		{F8E6D3CC-D09F-4616-BCB7-C0CC86B62B32}.Debug|iPhoneSimulator.Build.0 = Debug|Any CPU
		{F8E6D3CC-D09F-4616-BCB7-C0CC86B62B32}.Debug|x86.ActiveCfg = Debug|Any CPU
		{F8E6D3CC-D09F-4616-BCB7-C0CC86B62B32}.Debug|x86.Build.0 = Debug|Any CPU
		{F8E6D3CC-D09F-4616-BCB7-C0CC86B62B32}.Release|Any CPU.ActiveCfg = Release|Any CPU
		{F8E6D3CC-D09F-4616-BCB7-C0CC86B62B32}.Release|Any CPU.Build.0 = Release|Any CPU
		{F8E6D3CC-D09F-4616-BCB7-C0CC86B62B32}.Release|iPhone.ActiveCfg = Release|Any CPU
		{F8E6D3CC-D09F-4616-BCB7-C0CC86B62B32}.Release|iPhone.Build.0 = Release|Any CPU
		{F8E6D3CC-D09F-4616-BCB7-C0CC86B62B32}.Release|iPhoneSimulator.ActiveCfg = Release|Any CPU
		{F8E6D3CC-D09F-4616-BCB7-C0CC86B62B32}.Release|iPhoneSimulator.Build.0 = Release|Any CPU
		{F8E6D3CC-D09F-4616-BCB7-C0CC86B62B32}.Release|x86.ActiveCfg = Release|Any CPU
		{F8E6D3CC-D09F-4616-BCB7-C0CC86B62B32}.Release|x86.Build.0 = Release|Any CPU
		{F8E6D3CC-D09F-4616-BCB7-C0CC86B62B32}.Release64|Any CPU.ActiveCfg = Release|Any CPU
		{F8E6D3CC-D09F-4616-BCB7-C0CC86B62B32}.Release64|Any CPU.Build.0 = Release|Any CPU
		{F8E6D3CC-D09F-4616-BCB7-C0CC86B62B32}.Release64|iPhone.ActiveCfg = Release|Any CPU
		{F8E6D3CC-D09F-4616-BCB7-C0CC86B62B32}.Release64|iPhone.Build.0 = Release|Any CPU
		{F8E6D3CC-D09F-4616-BCB7-C0CC86B62B32}.Release64|iPhoneSimulator.ActiveCfg = Release|Any CPU
		{F8E6D3CC-D09F-4616-BCB7-C0CC86B62B32}.Release64|iPhoneSimulator.Build.0 = Release|Any CPU
		{F8E6D3CC-D09F-4616-BCB7-C0CC86B62B32}.Release64|x86.ActiveCfg = Release|Any CPU
		{F8E6D3CC-D09F-4616-BCB7-C0CC86B62B32}.Release64|x86.Build.0 = Release|Any CPU
		{B824FFB2-D057-490A-8967-892C0E20C0B6}.Ad-Hoc|Any CPU.ActiveCfg = Release|Any CPU
		{B824FFB2-D057-490A-8967-892C0E20C0B6}.Ad-Hoc|Any CPU.Build.0 = Release|Any CPU
		{B824FFB2-D057-490A-8967-892C0E20C0B6}.Ad-Hoc|Any CPU.Deploy.0 = Release|Any CPU
		{B824FFB2-D057-490A-8967-892C0E20C0B6}.Ad-Hoc|iPhone.ActiveCfg = Release|Any CPU
		{B824FFB2-D057-490A-8967-892C0E20C0B6}.Ad-Hoc|iPhone.Build.0 = Release|Any CPU
		{B824FFB2-D057-490A-8967-892C0E20C0B6}.Ad-Hoc|iPhone.Deploy.0 = Release|Any CPU
		{B824FFB2-D057-490A-8967-892C0E20C0B6}.Ad-Hoc|iPhoneSimulator.ActiveCfg = Release|Any CPU
		{B824FFB2-D057-490A-8967-892C0E20C0B6}.Ad-Hoc|iPhoneSimulator.Build.0 = Release|Any CPU
		{B824FFB2-D057-490A-8967-892C0E20C0B6}.Ad-Hoc|iPhoneSimulator.Deploy.0 = Release|Any CPU
		{B824FFB2-D057-490A-8967-892C0E20C0B6}.Ad-Hoc|x86.ActiveCfg = Release|Any CPU
		{B824FFB2-D057-490A-8967-892C0E20C0B6}.Ad-Hoc|x86.Build.0 = Release|Any CPU
		{B824FFB2-D057-490A-8967-892C0E20C0B6}.Ad-Hoc|x86.Deploy.0 = Release|Any CPU
		{B824FFB2-D057-490A-8967-892C0E20C0B6}.AppStore|Any CPU.ActiveCfg = Release|Any CPU
		{B824FFB2-D057-490A-8967-892C0E20C0B6}.AppStore|Any CPU.Build.0 = Release|Any CPU
		{B824FFB2-D057-490A-8967-892C0E20C0B6}.AppStore|Any CPU.Deploy.0 = Release|Any CPU
		{B824FFB2-D057-490A-8967-892C0E20C0B6}.AppStore|iPhone.ActiveCfg = Release|Any CPU
		{B824FFB2-D057-490A-8967-892C0E20C0B6}.AppStore|iPhone.Build.0 = Release|Any CPU
		{B824FFB2-D057-490A-8967-892C0E20C0B6}.AppStore|iPhone.Deploy.0 = Release|Any CPU
		{B824FFB2-D057-490A-8967-892C0E20C0B6}.AppStore|iPhoneSimulator.ActiveCfg = Release|Any CPU
		{B824FFB2-D057-490A-8967-892C0E20C0B6}.AppStore|iPhoneSimulator.Build.0 = Release|Any CPU
		{B824FFB2-D057-490A-8967-892C0E20C0B6}.AppStore|iPhoneSimulator.Deploy.0 = Release|Any CPU
		{B824FFB2-D057-490A-8967-892C0E20C0B6}.AppStore|x86.ActiveCfg = Release|Any CPU
		{B824FFB2-D057-490A-8967-892C0E20C0B6}.AppStore|x86.Build.0 = Release|Any CPU
		{B824FFB2-D057-490A-8967-892C0E20C0B6}.AppStore|x86.Deploy.0 = Release|Any CPU
		{B824FFB2-D057-490A-8967-892C0E20C0B6}.Debug|Any CPU.ActiveCfg = Debug|Any CPU
		{B824FFB2-D057-490A-8967-892C0E20C0B6}.Debug|Any CPU.Build.0 = Debug|Any CPU
		{B824FFB2-D057-490A-8967-892C0E20C0B6}.Debug|Any CPU.Deploy.0 = Debug|Any CPU
		{B824FFB2-D057-490A-8967-892C0E20C0B6}.Debug|iPhone.ActiveCfg = Debug|Any CPU
		{B824FFB2-D057-490A-8967-892C0E20C0B6}.Debug|iPhone.Build.0 = Debug|Any CPU
		{B824FFB2-D057-490A-8967-892C0E20C0B6}.Debug|iPhone.Deploy.0 = Debug|Any CPU
		{B824FFB2-D057-490A-8967-892C0E20C0B6}.Debug|iPhoneSimulator.ActiveCfg = Debug|Any CPU
		{B824FFB2-D057-490A-8967-892C0E20C0B6}.Debug|iPhoneSimulator.Build.0 = Debug|Any CPU
		{B824FFB2-D057-490A-8967-892C0E20C0B6}.Debug|iPhoneSimulator.Deploy.0 = Debug|Any CPU
		{B824FFB2-D057-490A-8967-892C0E20C0B6}.Debug|x86.ActiveCfg = Debug|Any CPU
		{B824FFB2-D057-490A-8967-892C0E20C0B6}.Debug|x86.Build.0 = Debug|Any CPU
		{B824FFB2-D057-490A-8967-892C0E20C0B6}.Debug|x86.Deploy.0 = Debug|Any CPU
		{B824FFB2-D057-490A-8967-892C0E20C0B6}.Release|Any CPU.ActiveCfg = Release|Any CPU
		{B824FFB2-D057-490A-8967-892C0E20C0B6}.Release|Any CPU.Build.0 = Release|Any CPU
		{B824FFB2-D057-490A-8967-892C0E20C0B6}.Release|Any CPU.Deploy.0 = Release|Any CPU
		{B824FFB2-D057-490A-8967-892C0E20C0B6}.Release|iPhone.ActiveCfg = Release|Any CPU
		{B824FFB2-D057-490A-8967-892C0E20C0B6}.Release|iPhone.Build.0 = Release|Any CPU
		{B824FFB2-D057-490A-8967-892C0E20C0B6}.Release|iPhone.Deploy.0 = Release|Any CPU
		{B824FFB2-D057-490A-8967-892C0E20C0B6}.Release|iPhoneSimulator.ActiveCfg = Release|Any CPU
		{B824FFB2-D057-490A-8967-892C0E20C0B6}.Release|iPhoneSimulator.Build.0 = Release|Any CPU
		{B824FFB2-D057-490A-8967-892C0E20C0B6}.Release|iPhoneSimulator.Deploy.0 = Release|Any CPU
		{B824FFB2-D057-490A-8967-892C0E20C0B6}.Release|x86.ActiveCfg = Release|Any CPU
		{B824FFB2-D057-490A-8967-892C0E20C0B6}.Release|x86.Build.0 = Release|Any CPU
		{B824FFB2-D057-490A-8967-892C0E20C0B6}.Release|x86.Deploy.0 = Release|Any CPU
		{B824FFB2-D057-490A-8967-892C0E20C0B6}.Release64|Any CPU.ActiveCfg = Release|Any CPU
		{B824FFB2-D057-490A-8967-892C0E20C0B6}.Release64|Any CPU.Build.0 = Release|Any CPU
		{B824FFB2-D057-490A-8967-892C0E20C0B6}.Release64|Any CPU.Deploy.0 = Release|Any CPU
		{B824FFB2-D057-490A-8967-892C0E20C0B6}.Release64|iPhone.ActiveCfg = Release|Any CPU
		{B824FFB2-D057-490A-8967-892C0E20C0B6}.Release64|iPhone.Build.0 = Release|Any CPU
		{B824FFB2-D057-490A-8967-892C0E20C0B6}.Release64|iPhone.Deploy.0 = Release|Any CPU
		{B824FFB2-D057-490A-8967-892C0E20C0B6}.Release64|iPhoneSimulator.ActiveCfg = Release|Any CPU
		{B824FFB2-D057-490A-8967-892C0E20C0B6}.Release64|iPhoneSimulator.Build.0 = Release|Any CPU
		{B824FFB2-D057-490A-8967-892C0E20C0B6}.Release64|iPhoneSimulator.Deploy.0 = Release|Any CPU
		{B824FFB2-D057-490A-8967-892C0E20C0B6}.Release64|x86.ActiveCfg = Release|Any CPU
		{B824FFB2-D057-490A-8967-892C0E20C0B6}.Release64|x86.Build.0 = Release|Any CPU
		{B824FFB2-D057-490A-8967-892C0E20C0B6}.Release64|x86.Deploy.0 = Release|Any CPU
		{A09B4BF0-2C5E-42E9-B23C-AFD0B5A8697D}.Ad-Hoc|Any CPU.ActiveCfg = Ad-Hoc|iPhone
		{A09B4BF0-2C5E-42E9-B23C-AFD0B5A8697D}.Ad-Hoc|iPhone.ActiveCfg = Ad-Hoc|iPhone
		{A09B4BF0-2C5E-42E9-B23C-AFD0B5A8697D}.Ad-Hoc|iPhone.Build.0 = Ad-Hoc|iPhone
		{A09B4BF0-2C5E-42E9-B23C-AFD0B5A8697D}.Ad-Hoc|iPhoneSimulator.ActiveCfg = Ad-Hoc|iPhoneSimulator
		{A09B4BF0-2C5E-42E9-B23C-AFD0B5A8697D}.Ad-Hoc|iPhoneSimulator.Build.0 = Ad-Hoc|iPhoneSimulator
		{A09B4BF0-2C5E-42E9-B23C-AFD0B5A8697D}.Ad-Hoc|x86.ActiveCfg = Ad-Hoc|iPhone
		{A09B4BF0-2C5E-42E9-B23C-AFD0B5A8697D}.AppStore|Any CPU.ActiveCfg = AppStore|iPhone
		{A09B4BF0-2C5E-42E9-B23C-AFD0B5A8697D}.AppStore|iPhone.ActiveCfg = AppStore|iPhone
		{A09B4BF0-2C5E-42E9-B23C-AFD0B5A8697D}.AppStore|iPhone.Build.0 = AppStore|iPhone
		{A09B4BF0-2C5E-42E9-B23C-AFD0B5A8697D}.AppStore|iPhoneSimulator.ActiveCfg = AppStore|iPhoneSimulator
		{A09B4BF0-2C5E-42E9-B23C-AFD0B5A8697D}.AppStore|iPhoneSimulator.Build.0 = AppStore|iPhoneSimulator
		{A09B4BF0-2C5E-42E9-B23C-AFD0B5A8697D}.AppStore|x86.ActiveCfg = AppStore|iPhone
		{A09B4BF0-2C5E-42E9-B23C-AFD0B5A8697D}.Debug|Any CPU.ActiveCfg = Debug|iPhone
		{A09B4BF0-2C5E-42E9-B23C-AFD0B5A8697D}.Debug|iPhone.ActiveCfg = Debug|iPhone
		{A09B4BF0-2C5E-42E9-B23C-AFD0B5A8697D}.Debug|iPhone.Build.0 = Debug|iPhone
		{A09B4BF0-2C5E-42E9-B23C-AFD0B5A8697D}.Debug|iPhoneSimulator.ActiveCfg = Debug|iPhoneSimulator
		{A09B4BF0-2C5E-42E9-B23C-AFD0B5A8697D}.Debug|iPhoneSimulator.Build.0 = Debug|iPhoneSimulator
		{A09B4BF0-2C5E-42E9-B23C-AFD0B5A8697D}.Debug|x86.ActiveCfg = Debug|iPhone
		{A09B4BF0-2C5E-42E9-B23C-AFD0B5A8697D}.Release|Any CPU.ActiveCfg = Release|iPhone
		{A09B4BF0-2C5E-42E9-B23C-AFD0B5A8697D}.Release|iPhone.ActiveCfg = Release|iPhone
		{A09B4BF0-2C5E-42E9-B23C-AFD0B5A8697D}.Release|iPhone.Build.0 = Release|iPhone
		{A09B4BF0-2C5E-42E9-B23C-AFD0B5A8697D}.Release|iPhoneSimulator.ActiveCfg = Release|iPhoneSimulator
		{A09B4BF0-2C5E-42E9-B23C-AFD0B5A8697D}.Release|iPhoneSimulator.Build.0 = Release|iPhoneSimulator
		{A09B4BF0-2C5E-42E9-B23C-AFD0B5A8697D}.Release|x86.ActiveCfg = Release|iPhone
		{A09B4BF0-2C5E-42E9-B23C-AFD0B5A8697D}.Release64|Any CPU.ActiveCfg = AppStore|iPhone
		{A09B4BF0-2C5E-42E9-B23C-AFD0B5A8697D}.Release64|Any CPU.Build.0 = AppStore|iPhone
		{A09B4BF0-2C5E-42E9-B23C-AFD0B5A8697D}.Release64|iPhone.ActiveCfg = Release|iPhone
		{A09B4BF0-2C5E-42E9-B23C-AFD0B5A8697D}.Release64|iPhone.Build.0 = Release|iPhone
		{A09B4BF0-2C5E-42E9-B23C-AFD0B5A8697D}.Release64|iPhoneSimulator.ActiveCfg = Release|iPhoneSimulator
		{A09B4BF0-2C5E-42E9-B23C-AFD0B5A8697D}.Release64|iPhoneSimulator.Build.0 = Release|iPhoneSimulator
		{A09B4BF0-2C5E-42E9-B23C-AFD0B5A8697D}.Release64|x86.ActiveCfg = AppStore|iPhone
		{A09B4BF0-2C5E-42E9-B23C-AFD0B5A8697D}.Release64|x86.Build.0 = AppStore|iPhone
		{56DCAE82-671D-409E-A3B3-BF4834756D3F}.Ad-Hoc|Any CPU.ActiveCfg = Release|Any CPU
		{56DCAE82-671D-409E-A3B3-BF4834756D3F}.Ad-Hoc|Any CPU.Build.0 = Release|Any CPU
		{56DCAE82-671D-409E-A3B3-BF4834756D3F}.Ad-Hoc|iPhone.ActiveCfg = Release|Any CPU
		{56DCAE82-671D-409E-A3B3-BF4834756D3F}.Ad-Hoc|iPhone.Build.0 = Release|Any CPU
		{56DCAE82-671D-409E-A3B3-BF4834756D3F}.Ad-Hoc|iPhoneSimulator.ActiveCfg = Release|Any CPU
		{56DCAE82-671D-409E-A3B3-BF4834756D3F}.Ad-Hoc|iPhoneSimulator.Build.0 = Release|Any CPU
		{56DCAE82-671D-409E-A3B3-BF4834756D3F}.Ad-Hoc|x86.ActiveCfg = Release|Any CPU
		{56DCAE82-671D-409E-A3B3-BF4834756D3F}.Ad-Hoc|x86.Build.0 = Release|Any CPU
		{56DCAE82-671D-409E-A3B3-BF4834756D3F}.AppStore|Any CPU.ActiveCfg = Release|Any CPU
		{56DCAE82-671D-409E-A3B3-BF4834756D3F}.AppStore|Any CPU.Build.0 = Release|Any CPU
		{56DCAE82-671D-409E-A3B3-BF4834756D3F}.AppStore|iPhone.ActiveCfg = Release|Any CPU
		{56DCAE82-671D-409E-A3B3-BF4834756D3F}.AppStore|iPhone.Build.0 = Release|Any CPU
		{56DCAE82-671D-409E-A3B3-BF4834756D3F}.AppStore|iPhoneSimulator.ActiveCfg = Release|Any CPU
		{56DCAE82-671D-409E-A3B3-BF4834756D3F}.AppStore|iPhoneSimulator.Build.0 = Release|Any CPU
		{56DCAE82-671D-409E-A3B3-BF4834756D3F}.AppStore|x86.ActiveCfg = Release|Any CPU
		{56DCAE82-671D-409E-A3B3-BF4834756D3F}.AppStore|x86.Build.0 = Release|Any CPU
		{56DCAE82-671D-409E-A3B3-BF4834756D3F}.Debug|Any CPU.ActiveCfg = Debug|Any CPU
		{56DCAE82-671D-409E-A3B3-BF4834756D3F}.Debug|Any CPU.Build.0 = Debug|Any CPU
		{56DCAE82-671D-409E-A3B3-BF4834756D3F}.Debug|iPhone.ActiveCfg = Debug|Any CPU
		{56DCAE82-671D-409E-A3B3-BF4834756D3F}.Debug|iPhone.Build.0 = Debug|Any CPU
		{56DCAE82-671D-409E-A3B3-BF4834756D3F}.Debug|iPhoneSimulator.ActiveCfg = Debug|Any CPU
		{56DCAE82-671D-409E-A3B3-BF4834756D3F}.Debug|iPhoneSimulator.Build.0 = Debug|Any CPU
		{56DCAE82-671D-409E-A3B3-BF4834756D3F}.Debug|x86.ActiveCfg = Debug|Any CPU
		{56DCAE82-671D-409E-A3B3-BF4834756D3F}.Debug|x86.Build.0 = Debug|Any CPU
		{56DCAE82-671D-409E-A3B3-BF4834756D3F}.Release|Any CPU.ActiveCfg = Release|Any CPU
		{56DCAE82-671D-409E-A3B3-BF4834756D3F}.Release|Any CPU.Build.0 = Release|Any CPU
		{56DCAE82-671D-409E-A3B3-BF4834756D3F}.Release|iPhone.ActiveCfg = Release|Any CPU
		{56DCAE82-671D-409E-A3B3-BF4834756D3F}.Release|iPhone.Build.0 = Release|Any CPU
		{56DCAE82-671D-409E-A3B3-BF4834756D3F}.Release|iPhoneSimulator.ActiveCfg = Release|Any CPU
		{56DCAE82-671D-409E-A3B3-BF4834756D3F}.Release|iPhoneSimulator.Build.0 = Release|Any CPU
		{56DCAE82-671D-409E-A3B3-BF4834756D3F}.Release|x86.ActiveCfg = Release|Any CPU
		{56DCAE82-671D-409E-A3B3-BF4834756D3F}.Release|x86.Build.0 = Release|Any CPU
		{56DCAE82-671D-409E-A3B3-BF4834756D3F}.Release64|Any CPU.ActiveCfg = Release|Any CPU
		{56DCAE82-671D-409E-A3B3-BF4834756D3F}.Release64|Any CPU.Build.0 = Release|Any CPU
		{56DCAE82-671D-409E-A3B3-BF4834756D3F}.Release64|iPhone.ActiveCfg = Release|Any CPU
		{56DCAE82-671D-409E-A3B3-BF4834756D3F}.Release64|iPhone.Build.0 = Release|Any CPU
		{56DCAE82-671D-409E-A3B3-BF4834756D3F}.Release64|iPhoneSimulator.ActiveCfg = Release|Any CPU
		{56DCAE82-671D-409E-A3B3-BF4834756D3F}.Release64|iPhoneSimulator.Build.0 = Release|Any CPU
		{56DCAE82-671D-409E-A3B3-BF4834756D3F}.Release64|x86.ActiveCfg = Release|Any CPU
		{56DCAE82-671D-409E-A3B3-BF4834756D3F}.Release64|x86.Build.0 = Release|Any CPU
		{7E00196D-3E47-412A-8F1D-41DF082502F0}.Ad-Hoc|Any CPU.ActiveCfg = Release|Any CPU
		{7E00196D-3E47-412A-8F1D-41DF082502F0}.Ad-Hoc|Any CPU.Build.0 = Release|Any CPU
		{7E00196D-3E47-412A-8F1D-41DF082502F0}.Ad-Hoc|iPhone.ActiveCfg = Release|Any CPU
		{7E00196D-3E47-412A-8F1D-41DF082502F0}.Ad-Hoc|iPhone.Build.0 = Release|Any CPU
		{7E00196D-3E47-412A-8F1D-41DF082502F0}.Ad-Hoc|iPhoneSimulator.ActiveCfg = Release|Any CPU
		{7E00196D-3E47-412A-8F1D-41DF082502F0}.Ad-Hoc|iPhoneSimulator.Build.0 = Release|Any CPU
		{7E00196D-3E47-412A-8F1D-41DF082502F0}.Ad-Hoc|x86.ActiveCfg = Release|Any CPU
		{7E00196D-3E47-412A-8F1D-41DF082502F0}.Ad-Hoc|x86.Build.0 = Release|Any CPU
		{7E00196D-3E47-412A-8F1D-41DF082502F0}.AppStore|Any CPU.ActiveCfg = Release|Any CPU
		{7E00196D-3E47-412A-8F1D-41DF082502F0}.AppStore|Any CPU.Build.0 = Release|Any CPU
		{7E00196D-3E47-412A-8F1D-41DF082502F0}.AppStore|iPhone.ActiveCfg = Release|Any CPU
		{7E00196D-3E47-412A-8F1D-41DF082502F0}.AppStore|iPhone.Build.0 = Release|Any CPU
		{7E00196D-3E47-412A-8F1D-41DF082502F0}.AppStore|iPhoneSimulator.ActiveCfg = Release|Any CPU
		{7E00196D-3E47-412A-8F1D-41DF082502F0}.AppStore|iPhoneSimulator.Build.0 = Release|Any CPU
		{7E00196D-3E47-412A-8F1D-41DF082502F0}.AppStore|x86.ActiveCfg = Release|Any CPU
		{7E00196D-3E47-412A-8F1D-41DF082502F0}.AppStore|x86.Build.0 = Release|Any CPU
		{7E00196D-3E47-412A-8F1D-41DF082502F0}.Debug|Any CPU.ActiveCfg = Debug|Any CPU
		{7E00196D-3E47-412A-8F1D-41DF082502F0}.Debug|Any CPU.Build.0 = Debug|Any CPU
		{7E00196D-3E47-412A-8F1D-41DF082502F0}.Debug|iPhone.ActiveCfg = Debug|Any CPU
		{7E00196D-3E47-412A-8F1D-41DF082502F0}.Debug|iPhone.Build.0 = Debug|Any CPU
		{7E00196D-3E47-412A-8F1D-41DF082502F0}.Debug|iPhoneSimulator.ActiveCfg = Debug|Any CPU
		{7E00196D-3E47-412A-8F1D-41DF082502F0}.Debug|iPhoneSimulator.Build.0 = Debug|Any CPU
		{7E00196D-3E47-412A-8F1D-41DF082502F0}.Debug|x86.ActiveCfg = Debug|Any CPU
		{7E00196D-3E47-412A-8F1D-41DF082502F0}.Debug|x86.Build.0 = Debug|Any CPU
		{7E00196D-3E47-412A-8F1D-41DF082502F0}.Release|Any CPU.ActiveCfg = Release|Any CPU
		{7E00196D-3E47-412A-8F1D-41DF082502F0}.Release|Any CPU.Build.0 = Release|Any CPU
		{7E00196D-3E47-412A-8F1D-41DF082502F0}.Release|iPhone.ActiveCfg = Release|Any CPU
		{7E00196D-3E47-412A-8F1D-41DF082502F0}.Release|iPhone.Build.0 = Release|Any CPU
		{7E00196D-3E47-412A-8F1D-41DF082502F0}.Release|iPhoneSimulator.ActiveCfg = Release|Any CPU
		{7E00196D-3E47-412A-8F1D-41DF082502F0}.Release|iPhoneSimulator.Build.0 = Release|Any CPU
		{7E00196D-3E47-412A-8F1D-41DF082502F0}.Release|x86.ActiveCfg = Release|Any CPU
		{7E00196D-3E47-412A-8F1D-41DF082502F0}.Release|x86.Build.0 = Release|Any CPU
		{7E00196D-3E47-412A-8F1D-41DF082502F0}.Release64|Any CPU.ActiveCfg = Release|Any CPU
		{7E00196D-3E47-412A-8F1D-41DF082502F0}.Release64|Any CPU.Build.0 = Release|Any CPU
		{7E00196D-3E47-412A-8F1D-41DF082502F0}.Release64|iPhone.ActiveCfg = Release|Any CPU
		{7E00196D-3E47-412A-8F1D-41DF082502F0}.Release64|iPhone.Build.0 = Release|Any CPU
		{7E00196D-3E47-412A-8F1D-41DF082502F0}.Release64|iPhoneSimulator.ActiveCfg = Release|Any CPU
		{7E00196D-3E47-412A-8F1D-41DF082502F0}.Release64|iPhoneSimulator.Build.0 = Release|Any CPU
		{7E00196D-3E47-412A-8F1D-41DF082502F0}.Release64|x86.ActiveCfg = Release|Any CPU
		{7E00196D-3E47-412A-8F1D-41DF082502F0}.Release64|x86.Build.0 = Release|Any CPU
		{FB5F78F5-C921-405D-8F21-42F7C15C2AD9}.Ad-Hoc|Any CPU.ActiveCfg = Release|Any CPU
		{FB5F78F5-C921-405D-8F21-42F7C15C2AD9}.Ad-Hoc|Any CPU.Build.0 = Release|Any CPU
		{FB5F78F5-C921-405D-8F21-42F7C15C2AD9}.Ad-Hoc|iPhone.ActiveCfg = Release|Any CPU
		{FB5F78F5-C921-405D-8F21-42F7C15C2AD9}.Ad-Hoc|iPhone.Build.0 = Release|Any CPU
		{FB5F78F5-C921-405D-8F21-42F7C15C2AD9}.Ad-Hoc|iPhoneSimulator.ActiveCfg = Release|Any CPU
		{FB5F78F5-C921-405D-8F21-42F7C15C2AD9}.Ad-Hoc|iPhoneSimulator.Build.0 = Release|Any CPU
		{FB5F78F5-C921-405D-8F21-42F7C15C2AD9}.Ad-Hoc|x86.ActiveCfg = Release|Any CPU
		{FB5F78F5-C921-405D-8F21-42F7C15C2AD9}.Ad-Hoc|x86.Build.0 = Release|Any CPU
		{FB5F78F5-C921-405D-8F21-42F7C15C2AD9}.AppStore|Any CPU.ActiveCfg = Release|Any CPU
		{FB5F78F5-C921-405D-8F21-42F7C15C2AD9}.AppStore|Any CPU.Build.0 = Release|Any CPU
		{FB5F78F5-C921-405D-8F21-42F7C15C2AD9}.AppStore|iPhone.ActiveCfg = Release|Any CPU
		{FB5F78F5-C921-405D-8F21-42F7C15C2AD9}.AppStore|iPhone.Build.0 = Release|Any CPU
		{FB5F78F5-C921-405D-8F21-42F7C15C2AD9}.AppStore|iPhoneSimulator.ActiveCfg = Release|Any CPU
		{FB5F78F5-C921-405D-8F21-42F7C15C2AD9}.AppStore|iPhoneSimulator.Build.0 = Release|Any CPU
		{FB5F78F5-C921-405D-8F21-42F7C15C2AD9}.AppStore|x86.ActiveCfg = Release|Any CPU
		{FB5F78F5-C921-405D-8F21-42F7C15C2AD9}.AppStore|x86.Build.0 = Release|Any CPU
		{FB5F78F5-C921-405D-8F21-42F7C15C2AD9}.Debug|Any CPU.ActiveCfg = Debug|Any CPU
		{FB5F78F5-C921-405D-8F21-42F7C15C2AD9}.Debug|Any CPU.Build.0 = Debug|Any CPU
		{FB5F78F5-C921-405D-8F21-42F7C15C2AD9}.Debug|iPhone.ActiveCfg = Debug|Any CPU
		{FB5F78F5-C921-405D-8F21-42F7C15C2AD9}.Debug|iPhone.Build.0 = Debug|Any CPU
		{FB5F78F5-C921-405D-8F21-42F7C15C2AD9}.Debug|iPhoneSimulator.ActiveCfg = Debug|Any CPU
		{FB5F78F5-C921-405D-8F21-42F7C15C2AD9}.Debug|iPhoneSimulator.Build.0 = Debug|Any CPU
		{FB5F78F5-C921-405D-8F21-42F7C15C2AD9}.Debug|x86.ActiveCfg = Debug|Any CPU
		{FB5F78F5-C921-405D-8F21-42F7C15C2AD9}.Debug|x86.Build.0 = Debug|Any CPU
		{FB5F78F5-C921-405D-8F21-42F7C15C2AD9}.Release|Any CPU.ActiveCfg = Release|Any CPU
		{FB5F78F5-C921-405D-8F21-42F7C15C2AD9}.Release|Any CPU.Build.0 = Release|Any CPU
		{FB5F78F5-C921-405D-8F21-42F7C15C2AD9}.Release|iPhone.ActiveCfg = Release|Any CPU
		{FB5F78F5-C921-405D-8F21-42F7C15C2AD9}.Release|iPhone.Build.0 = Release|Any CPU
		{FB5F78F5-C921-405D-8F21-42F7C15C2AD9}.Release|iPhoneSimulator.ActiveCfg = Release|Any CPU
		{FB5F78F5-C921-405D-8F21-42F7C15C2AD9}.Release|iPhoneSimulator.Build.0 = Release|Any CPU
		{FB5F78F5-C921-405D-8F21-42F7C15C2AD9}.Release|x86.ActiveCfg = Release|Any CPU
		{FB5F78F5-C921-405D-8F21-42F7C15C2AD9}.Release|x86.Build.0 = Release|Any CPU
		{FB5F78F5-C921-405D-8F21-42F7C15C2AD9}.Release64|Any CPU.ActiveCfg = Release|Any CPU
		{FB5F78F5-C921-405D-8F21-42F7C15C2AD9}.Release64|Any CPU.Build.0 = Release|Any CPU
		{FB5F78F5-C921-405D-8F21-42F7C15C2AD9}.Release64|iPhone.ActiveCfg = Release|Any CPU
		{FB5F78F5-C921-405D-8F21-42F7C15C2AD9}.Release64|iPhone.Build.0 = Release|Any CPU
		{FB5F78F5-C921-405D-8F21-42F7C15C2AD9}.Release64|iPhoneSimulator.ActiveCfg = Release|Any CPU
		{FB5F78F5-C921-405D-8F21-42F7C15C2AD9}.Release64|iPhoneSimulator.Build.0 = Release|Any CPU
		{FB5F78F5-C921-405D-8F21-42F7C15C2AD9}.Release64|x86.ActiveCfg = Release|Any CPU
		{FB5F78F5-C921-405D-8F21-42F7C15C2AD9}.Release64|x86.Build.0 = Release|Any CPU
		{E4A1C3C3-1C1C-4E11-A2E6-A1FAFD6652C7}.Ad-Hoc|Any CPU.ActiveCfg = Release|Any CPU
		{E4A1C3C3-1C1C-4E11-A2E6-A1FAFD6652C7}.Ad-Hoc|Any CPU.Build.0 = Release|Any CPU
		{E4A1C3C3-1C1C-4E11-A2E6-A1FAFD6652C7}.Ad-Hoc|iPhone.ActiveCfg = Release|Any CPU
		{E4A1C3C3-1C1C-4E11-A2E6-A1FAFD6652C7}.Ad-Hoc|iPhone.Build.0 = Release|Any CPU
		{E4A1C3C3-1C1C-4E11-A2E6-A1FAFD6652C7}.Ad-Hoc|iPhoneSimulator.ActiveCfg = Release|Any CPU
		{E4A1C3C3-1C1C-4E11-A2E6-A1FAFD6652C7}.Ad-Hoc|iPhoneSimulator.Build.0 = Release|Any CPU
		{E4A1C3C3-1C1C-4E11-A2E6-A1FAFD6652C7}.Ad-Hoc|x86.ActiveCfg = Release|Any CPU
		{E4A1C3C3-1C1C-4E11-A2E6-A1FAFD6652C7}.Ad-Hoc|x86.Build.0 = Release|Any CPU
		{E4A1C3C3-1C1C-4E11-A2E6-A1FAFD6652C7}.AppStore|Any CPU.ActiveCfg = Release|Any CPU
		{E4A1C3C3-1C1C-4E11-A2E6-A1FAFD6652C7}.AppStore|Any CPU.Build.0 = Release|Any CPU
		{E4A1C3C3-1C1C-4E11-A2E6-A1FAFD6652C7}.AppStore|iPhone.ActiveCfg = Release|Any CPU
		{E4A1C3C3-1C1C-4E11-A2E6-A1FAFD6652C7}.AppStore|iPhone.Build.0 = Release|Any CPU
		{E4A1C3C3-1C1C-4E11-A2E6-A1FAFD6652C7}.AppStore|iPhoneSimulator.ActiveCfg = Release|Any CPU
		{E4A1C3C3-1C1C-4E11-A2E6-A1FAFD6652C7}.AppStore|iPhoneSimulator.Build.0 = Release|Any CPU
		{E4A1C3C3-1C1C-4E11-A2E6-A1FAFD6652C7}.AppStore|x86.ActiveCfg = Release|Any CPU
		{E4A1C3C3-1C1C-4E11-A2E6-A1FAFD6652C7}.AppStore|x86.Build.0 = Release|Any CPU
		{E4A1C3C3-1C1C-4E11-A2E6-A1FAFD6652C7}.Debug|Any CPU.ActiveCfg = Debug|Any CPU
		{E4A1C3C3-1C1C-4E11-A2E6-A1FAFD6652C7}.Debug|Any CPU.Build.0 = Debug|Any CPU
		{E4A1C3C3-1C1C-4E11-A2E6-A1FAFD6652C7}.Debug|iPhone.ActiveCfg = Debug|Any CPU
		{E4A1C3C3-1C1C-4E11-A2E6-A1FAFD6652C7}.Debug|iPhone.Build.0 = Debug|Any CPU
		{E4A1C3C3-1C1C-4E11-A2E6-A1FAFD6652C7}.Debug|iPhoneSimulator.ActiveCfg = Debug|Any CPU
		{E4A1C3C3-1C1C-4E11-A2E6-A1FAFD6652C7}.Debug|iPhoneSimulator.Build.0 = Debug|Any CPU
		{E4A1C3C3-1C1C-4E11-A2E6-A1FAFD6652C7}.Debug|x86.ActiveCfg = Debug|Any CPU
		{E4A1C3C3-1C1C-4E11-A2E6-A1FAFD6652C7}.Debug|x86.Build.0 = Debug|Any CPU
		{E4A1C3C3-1C1C-4E11-A2E6-A1FAFD6652C7}.Release|Any CPU.ActiveCfg = Release|Any CPU
		{E4A1C3C3-1C1C-4E11-A2E6-A1FAFD6652C7}.Release|Any CPU.Build.0 = Release|Any CPU
		{E4A1C3C3-1C1C-4E11-A2E6-A1FAFD6652C7}.Release|iPhone.ActiveCfg = Release|Any CPU
		{E4A1C3C3-1C1C-4E11-A2E6-A1FAFD6652C7}.Release|iPhone.Build.0 = Release|Any CPU
		{E4A1C3C3-1C1C-4E11-A2E6-A1FAFD6652C7}.Release|iPhoneSimulator.ActiveCfg = Release|Any CPU
		{E4A1C3C3-1C1C-4E11-A2E6-A1FAFD6652C7}.Release|iPhoneSimulator.Build.0 = Release|Any CPU
		{E4A1C3C3-1C1C-4E11-A2E6-A1FAFD6652C7}.Release|x86.ActiveCfg = Release|Any CPU
		{E4A1C3C3-1C1C-4E11-A2E6-A1FAFD6652C7}.Release|x86.Build.0 = Release|Any CPU
		{E4A1C3C3-1C1C-4E11-A2E6-A1FAFD6652C7}.Release64|Any CPU.ActiveCfg = Release|Any CPU
		{E4A1C3C3-1C1C-4E11-A2E6-A1FAFD6652C7}.Release64|Any CPU.Build.0 = Release|Any CPU
		{E4A1C3C3-1C1C-4E11-A2E6-A1FAFD6652C7}.Release64|iPhone.ActiveCfg = Release|Any CPU
		{E4A1C3C3-1C1C-4E11-A2E6-A1FAFD6652C7}.Release64|iPhone.Build.0 = Release|Any CPU
		{E4A1C3C3-1C1C-4E11-A2E6-A1FAFD6652C7}.Release64|iPhoneSimulator.ActiveCfg = Release|Any CPU
		{E4A1C3C3-1C1C-4E11-A2E6-A1FAFD6652C7}.Release64|iPhoneSimulator.Build.0 = Release|Any CPU
		{E4A1C3C3-1C1C-4E11-A2E6-A1FAFD6652C7}.Release64|x86.ActiveCfg = Release|Any CPU
		{E4A1C3C3-1C1C-4E11-A2E6-A1FAFD6652C7}.Release64|x86.Build.0 = Release|Any CPU
		{540A2EA6-DAE3-4625-8951-B2C3118603A4}.Ad-Hoc|Any CPU.ActiveCfg = Release|Any CPU
		{540A2EA6-DAE3-4625-8951-B2C3118603A4}.Ad-Hoc|Any CPU.Build.0 = Release|Any CPU
		{540A2EA6-DAE3-4625-8951-B2C3118603A4}.Ad-Hoc|iPhone.ActiveCfg = Release|Any CPU
		{540A2EA6-DAE3-4625-8951-B2C3118603A4}.Ad-Hoc|iPhone.Build.0 = Release|Any CPU
		{540A2EA6-DAE3-4625-8951-B2C3118603A4}.Ad-Hoc|iPhoneSimulator.ActiveCfg = Release|Any CPU
		{540A2EA6-DAE3-4625-8951-B2C3118603A4}.Ad-Hoc|iPhoneSimulator.Build.0 = Release|Any CPU
		{540A2EA6-DAE3-4625-8951-B2C3118603A4}.Ad-Hoc|x86.ActiveCfg = Release|Any CPU
		{540A2EA6-DAE3-4625-8951-B2C3118603A4}.Ad-Hoc|x86.Build.0 = Release|Any CPU
		{540A2EA6-DAE3-4625-8951-B2C3118603A4}.AppStore|Any CPU.ActiveCfg = Release|Any CPU
		{540A2EA6-DAE3-4625-8951-B2C3118603A4}.AppStore|Any CPU.Build.0 = Release|Any CPU
		{540A2EA6-DAE3-4625-8951-B2C3118603A4}.AppStore|iPhone.ActiveCfg = Release|Any CPU
		{540A2EA6-DAE3-4625-8951-B2C3118603A4}.AppStore|iPhone.Build.0 = Release|Any CPU
		{540A2EA6-DAE3-4625-8951-B2C3118603A4}.AppStore|iPhoneSimulator.ActiveCfg = Release|Any CPU
		{540A2EA6-DAE3-4625-8951-B2C3118603A4}.AppStore|iPhoneSimulator.Build.0 = Release|Any CPU
		{540A2EA6-DAE3-4625-8951-B2C3118603A4}.AppStore|x86.ActiveCfg = Release|Any CPU
		{540A2EA6-DAE3-4625-8951-B2C3118603A4}.AppStore|x86.Build.0 = Release|Any CPU
		{540A2EA6-DAE3-4625-8951-B2C3118603A4}.Debug|Any CPU.ActiveCfg = Debug|Any CPU
		{540A2EA6-DAE3-4625-8951-B2C3118603A4}.Debug|Any CPU.Build.0 = Debug|Any CPU
		{540A2EA6-DAE3-4625-8951-B2C3118603A4}.Debug|iPhone.ActiveCfg = Debug|Any CPU
		{540A2EA6-DAE3-4625-8951-B2C3118603A4}.Debug|iPhone.Build.0 = Debug|Any CPU
		{540A2EA6-DAE3-4625-8951-B2C3118603A4}.Debug|iPhoneSimulator.ActiveCfg = Debug|Any CPU
		{540A2EA6-DAE3-4625-8951-B2C3118603A4}.Debug|iPhoneSimulator.Build.0 = Debug|Any CPU
		{540A2EA6-DAE3-4625-8951-B2C3118603A4}.Debug|x86.ActiveCfg = Debug|Any CPU
		{540A2EA6-DAE3-4625-8951-B2C3118603A4}.Debug|x86.Build.0 = Debug|Any CPU
		{540A2EA6-DAE3-4625-8951-B2C3118603A4}.Release|Any CPU.ActiveCfg = Release|Any CPU
		{540A2EA6-DAE3-4625-8951-B2C3118603A4}.Release|Any CPU.Build.0 = Release|Any CPU
		{540A2EA6-DAE3-4625-8951-B2C3118603A4}.Release|iPhone.ActiveCfg = Release|Any CPU
		{540A2EA6-DAE3-4625-8951-B2C3118603A4}.Release|iPhone.Build.0 = Release|Any CPU
		{540A2EA6-DAE3-4625-8951-B2C3118603A4}.Release|iPhoneSimulator.ActiveCfg = Release|Any CPU
		{540A2EA6-DAE3-4625-8951-B2C3118603A4}.Release|iPhoneSimulator.Build.0 = Release|Any CPU
		{540A2EA6-DAE3-4625-8951-B2C3118603A4}.Release|x86.ActiveCfg = Release|Any CPU
		{540A2EA6-DAE3-4625-8951-B2C3118603A4}.Release|x86.Build.0 = Release|Any CPU
		{540A2EA6-DAE3-4625-8951-B2C3118603A4}.Release64|Any CPU.ActiveCfg = Release|Any CPU
		{540A2EA6-DAE3-4625-8951-B2C3118603A4}.Release64|Any CPU.Build.0 = Release|Any CPU
		{540A2EA6-DAE3-4625-8951-B2C3118603A4}.Release64|iPhone.ActiveCfg = Release|Any CPU
		{540A2EA6-DAE3-4625-8951-B2C3118603A4}.Release64|iPhone.Build.0 = Release|Any CPU
		{540A2EA6-DAE3-4625-8951-B2C3118603A4}.Release64|iPhoneSimulator.ActiveCfg = Release|Any CPU
		{540A2EA6-DAE3-4625-8951-B2C3118603A4}.Release64|iPhoneSimulator.Build.0 = Release|Any CPU
		{540A2EA6-DAE3-4625-8951-B2C3118603A4}.Release64|x86.ActiveCfg = Release|Any CPU
		{540A2EA6-DAE3-4625-8951-B2C3118603A4}.Release64|x86.Build.0 = Release|Any CPU
	EndGlobalSection
	GlobalSection(SolutionProperties) = preSolution
		HideSolutionNode = FALSE
	EndGlobalSection
	GlobalSection(NestedProjects) = preSolution
		{B3080145-1DA3-4FCA-A0E5-D99A46F6B243} = {EFD3FB30-FFF6-4717-9D2A-A909E6D01DEE}
		{6627819C-F72B-4444-8461-14A57674FBD9} = {C4F7BE3A-77E3-4B10-A6AB-839CBCCF5163}
		{0DABB64B-3D8C-4447-A129-619390ED0E87} = {B3080145-1DA3-4FCA-A0E5-D99A46F6B243}
		{C5E5802D-6A45-4FE9-BAE7-5F0AE91D72C1} = {C4F7BE3A-77E3-4B10-A6AB-839CBCCF5163}
		{C4F7BE3A-77E3-4B10-A6AB-839CBCCF5163} = {EFD3FB30-FFF6-4717-9D2A-A909E6D01DEE}
		{2257F500-B273-4E78-851F-6188D639B6A6} = {EFD3FB30-FFF6-4717-9D2A-A909E6D01DEE}
		{923533FC-73FF-4E89-9F1F-ED26F12AFA33} = {EFD3FB30-FFF6-4717-9D2A-A909E6D01DEE}
		{235A071B-8D06-40AE-A5C5-B1CE59715EE9} = {EDF760BE-F3FA-4361-AFFA-5CB70A3E9E55}
		{D8861CF8-C506-472B-8A57-632BD6CA6496} = {EDF760BE-F3FA-4361-AFFA-5CB70A3E9E55}
		{CD9CE8D3-BBD0-4367-A786-9AA36770D87A} = {CCC8D030-3F27-4560-B290-B95F4022DDB8}
		{FCEFFD04-6588-4588-949B-2360B7367219} = {CCC8D030-3F27-4560-B290-B95F4022DDB8}
		{9669A1C2-9FDE-4455-BC0D-3244E75C6A0A} = {CCC8D030-3F27-4560-B290-B95F4022DDB8}
		{189B365C-127C-4377-88F3-C3D391B43993} = {CCC8D030-3F27-4560-B290-B95F4022DDB8}
		{9E204A4B-F9B8-4F7F-A792-184260B3494D} = {CD9CE8D3-BBD0-4367-A786-9AA36770D87A}
		{6ABD1C6E-866D-42A8-99D0-7780B4AD08D3} = {CD9CE8D3-BBD0-4367-A786-9AA36770D87A}
		{A96ADB72-B7FD-4F8F-ACF0-DF1274DDDA6B} = {FCEFFD04-6588-4588-949B-2360B7367219}
		{7B742F80-62CE-401B-96C6-CFCC30002F19} = {FCEFFD04-6588-4588-949B-2360B7367219}
		{F7D71E61-9342-4DD7-9AFD-69045F2EC98B} = {189B365C-127C-4377-88F3-C3D391B43993}
		{C6807D05-09BE-4313-9F8B-BD2D51C55819} = {189B365C-127C-4377-88F3-C3D391B43993}
		{6364C83C-C6E3-4EA5-A4BD-4E7319D00C13} = {9669A1C2-9FDE-4455-BC0D-3244E75C6A0A}
		{F8E6D3CC-D09F-4616-BCB7-C0CC86B62B32} = {9669A1C2-9FDE-4455-BC0D-3244E75C6A0A}
		{B824FFB2-D057-490A-8967-892C0E20C0B6} = {2257F500-B273-4E78-851F-6188D639B6A6}
		{A09B4BF0-2C5E-42E9-B23C-AFD0B5A8697D} = {923533FC-73FF-4E89-9F1F-ED26F12AFA33}
		{56DCAE82-671D-409E-A3B3-BF4834756D3F} = {B3080145-1DA3-4FCA-A0E5-D99A46F6B243}
		{7E00196D-3E47-412A-8F1D-41DF082502F0} = {B3080145-1DA3-4FCA-A0E5-D99A46F6B243}
		{2E1E828F-6D2C-4B0E-A2E2-DDF24798CACF} = {EFD3FB30-FFF6-4717-9D2A-A909E6D01DEE}
		{FB5F78F5-C921-405D-8F21-42F7C15C2AD9} = {C4F7BE3A-77E3-4B10-A6AB-839CBCCF5163}
		{540A2EA6-DAE3-4625-8951-B2C3118603A4} = {C4F7BE3A-77E3-4B10-A6AB-839CBCCF5163}
	EndGlobalSection
	GlobalSection(ExtensibilityGlobals) = postSolution
		SolutionGuid = {BA5E8E5C-FBFE-4FAD-BFC3-96CD4EE3234E}
	EndGlobalSection
EndGlobal
